// !$*UTF8*$!
{
	archiveVersion = 1;
	classes = {
	};
	objectVersion = 45;
	objects = {

/* Begin PBXBuildFile section */
		1D3623260D0F684500981E51 /* WHDAppDelegate.m in Sources */ = {isa = PBXBuildFile; fileRef = 1D3623250D0F684500981E51 /* WHDAppDelegate.m */; };
		1D60589B0D05DD56006BFB54 /* main.m in Sources */ = {isa = PBXBuildFile; fileRef = 29B97316FDCFA39411CA2CEA /* main.m */; };
		1D60589F0D05DD5A006BFB54 /* Foundation.framework in Frameworks */ = {isa = PBXBuildFile; fileRef = 1D30AB110D05D00D00671497 /* Foundation.framework */; };
		1DF5F4E00D08C38300B7A737 /* UIKit.framework in Frameworks */ = {isa = PBXBuildFile; fileRef = 1DF5F4DF0D08C38300B7A737 /* UIKit.framework */; };
		288765FD0DF74451002DB57D /* CoreGraphics.framework in Frameworks */ = {isa = PBXBuildFile; fileRef = 288765FC0DF74451002DB57D /* CoreGraphics.framework */; };
		28AD733F0D9D9553002E5188 /* MainWindow.xib in Resources */ = {isa = PBXBuildFile; fileRef = 28AD733E0D9D9553002E5188 /* MainWindow.xib */; };
		3DAA1CB717A7F15000FD5035 /* Images.xcassets in Resources */ = {isa = PBXBuildFile; fileRef = 3DAA1CB617A7F15000FD5035 /* Images.xcassets */; };
		3E07F945121EF32700A74657 /* UITableViewCellWithSubtitle.m in Sources */ = {isa = PBXBuildFile; fileRef = 3E07F944121EF32700A74657 /* UITableViewCellWithSubtitle.m */; };
		3E07F9B4121F0C9E00A74657 /* TimeEntryController.m in Sources */ = {isa = PBXBuildFile; fileRef = 3E07F9B3121F0C9E00A74657 /* TimeEntryController.m */; };
		3E0ED160122C74CE00F13925 /* help-es.html in Resources */ = {isa = PBXBuildFile; fileRef = 3E0ED15F122C74CE00F13925 /* help-es.html */; };
		3E289F0F122A153200C1F8D0 /* help-en.html in Resources */ = {isa = PBXBuildFile; fileRef = 3E289F0E122A153200C1F8D0 /* help-en.html */; };
		3E289FEA122A26FB00C1F8D0 /* SystemConfiguration.framework in Frameworks */ = {isa = PBXBuildFile; fileRef = 3E289FE9122A26FB00C1F8D0 /* SystemConfiguration.framework */; };
		3E289FF5122A289000C1F8D0 /* Reachability.m in Sources */ = {isa = PBXBuildFile; fileRef = 3E289FF4122A289000C1F8D0 /* Reachability.m */; };
		3E28A098122A3D8700C1F8D0 /* contact-en.html in Resources */ = {isa = PBXBuildFile; fileRef = 3E28A097122A3D8700C1F8D0 /* contact-en.html */; };
		3E28A09A122A3D9100C1F8D0 /* RedVerticalGrad.jpg in Resources */ = {isa = PBXBuildFile; fileRef = 3E28A099122A3D9100C1F8D0 /* RedVerticalGrad.jpg */; };
		3E40CC22125CB33D00A9F9C8 /* Clock.m in Sources */ = {isa = PBXBuildFile; fileRef = 3E40CC21125CB33D00A9F9C8 /* Clock.m */; };
		3E40CE75125CF9E500A9F9C8 /* StartBreakViewController.m in Sources */ = {isa = PBXBuildFile; fileRef = 3E40CE73125CF9E500A9F9C8 /* StartBreakViewController.m */; };
		3E40CF1E125D0AC600A9F9C8 /* StartBreakViewController.xib in Resources */ = {isa = PBXBuildFile; fileRef = 3E40CF1D125D0AC600A9F9C8 /* StartBreakViewController.xib */; };
		3E45D28D12E0E0C3009A7884 /* whd-dol-logo.png in Resources */ = {isa = PBXBuildFile; fileRef = 3E45D28C12E0E0C3009A7884 /* whd-dol-logo.png */; };
		3E4C59C0121C1FA8007E75E7 /* TimerViewController.m in Sources */ = {isa = PBXBuildFile; fileRef = 3E4C59BE121C1FA8007E75E7 /* TimerViewController.m */; };
		3E5BCB61125BB8E70079B799 /* glossary-icon.png in Resources */ = {isa = PBXBuildFile; fileRef = 3E5BCB60125BB8E70079B799 /* glossary-icon.png */; };
		3E5F3949125A0E7200755B93 /* EditBreakViewController.xib in Resources */ = {isa = PBXBuildFile; fileRef = 3E5F3948125A0E7200755B93 /* EditBreakViewController.xib */; };
		3E5F394C125A0E8100755B93 /* BreaksViewController.xib in Resources */ = {isa = PBXBuildFile; fileRef = 3E5F394B125A0E8100755B93 /* BreaksViewController.xib */; };
		3E66A14312158A4A00066C94 /* whd.sqlite in Resources */ = {isa = PBXBuildFile; fileRef = 3E66A14212158A4A00066C94 /* whd.sqlite */; };
		3E69784F1212DA9C0068B86C /* DefaultTimeViewController.m in Sources */ = {isa = PBXBuildFile; fileRef = 3E69784D1212DA9C0068B86C /* DefaultTimeViewController.m */; };
		3E6A34931218E65F007B524C /* TextEntryViewController.m in Sources */ = {isa = PBXBuildFile; fileRef = 3E6A34911218E65F007B524C /* TextEntryViewController.m */; };
		3E6C23C0122550E500A69B1A /* JobListViewController.m in Sources */ = {isa = PBXBuildFile; fileRef = 3E6C23BE122550E500A69B1A /* JobListViewController.m */; };
		3E6CF680130964FC007EAB88 /* whd-dol-logo-2.png in Resources */ = {isa = PBXBuildFile; fileRef = 3E6CF67F130964FC007EAB88 /* whd-dol-logo-2.png */; };
		3E6D240B122B59A000404E7B /* BreaksReviewController.xib in Resources */ = {isa = PBXBuildFile; fileRef = 3E6D240A122B59A000404E7B /* BreaksReviewController.xib */; };
		3E6D2471122B609400404E7B /* Localizable.strings in Resources */ = {isa = PBXBuildFile; fileRef = 3E6D2470122B609400404E7B /* Localizable.strings */; };
		3E73E0D0122C97C500A0F989 /* contact-es.html in Resources */ = {isa = PBXBuildFile; fileRef = 3E73E0CF122C97C500A0F989 /* contact-es.html */; };
		3E73E0F0122C9BDE00A0F989 /* HelpViewController.xib in Resources */ = {isa = PBXBuildFile; fileRef = 3E73E0EF122C9BDE00A0F989 /* HelpViewController.xib */; };
		3E73E0F3122C9BE900A0F989 /* ContactViewController.xib in Resources */ = {isa = PBXBuildFile; fileRef = 3E73E0F2122C9BE900A0F989 /* ContactViewController.xib */; };
		3E73E162122CAFB100A0F989 /* InfoPlist.strings in Resources */ = {isa = PBXBuildFile; fileRef = 3E73E161122CAFB100A0F989 /* InfoPlist.strings */; };
		3E73E16B122CB43500A0F989 /* Default.png in Resources */ = {isa = PBXBuildFile; fileRef = 3E73E16A122CB43500A0F989 /* Default.png */; };
		3E744922122849A8000130C7 /* email-icon.png in Resources */ = {isa = PBXBuildFile; fileRef = 3E744921122849A8000130C7 /* email-icon.png */; };
		3E74492B1228567B000130C7 /* JobViewController.xib in Resources */ = {isa = PBXBuildFile; fileRef = 3E74492A1228567B000130C7 /* JobViewController.xib */; };
		3E74493112285741000130C7 /* DefaultTimeViewController.xib in Resources */ = {isa = PBXBuildFile; fileRef = 3E74493012285741000130C7 /* DefaultTimeViewController.xib */; };
		3E74494912285908000130C7 /* ExportDatesViewController.xib in Resources */ = {isa = PBXBuildFile; fileRef = 3E74494812285908000130C7 /* ExportDatesViewController.xib */; };
		3E744958122859ED000130C7 /* TimerViewController.xib in Resources */ = {isa = PBXBuildFile; fileRef = 3E744957122859ED000130C7 /* TimerViewController.xib */; };
		3E74496612285B0F000130C7 /* CurrencyEntryViewController.xib in Resources */ = {isa = PBXBuildFile; fileRef = 3E74496512285B0F000130C7 /* CurrencyEntryViewController.xib */; };
		3E74496A12285B2A000130C7 /* JobListViewController.xib in Resources */ = {isa = PBXBuildFile; fileRef = 3E74496912285B2A000130C7 /* JobListViewController.xib */; };
		3E74496E12285B44000130C7 /* TextEntryViewController.xib in Resources */ = {isa = PBXBuildFile; fileRef = 3E74496D12285B44000130C7 /* TextEntryViewController.xib */; };
		3E74497212285B59000130C7 /* CommentsEntryViewController.xib in Resources */ = {isa = PBXBuildFile; fileRef = 3E74497112285B59000130C7 /* CommentsEntryViewController.xib */; };
		3E74497A12285C81000130C7 /* MealDisclaimerViewController.xib in Resources */ = {isa = PBXBuildFile; fileRef = 3E74497912285C81000130C7 /* MealDisclaimerViewController.xib */; };
		3E74498212285CD5000130C7 /* ExportViewController.xib in Resources */ = {isa = PBXBuildFile; fileRef = 3E74498112285CD5000130C7 /* ExportViewController.xib */; };
		3E74498E12285D1D000130C7 /* WeekSummaryViewController.xib in Resources */ = {isa = PBXBuildFile; fileRef = 3E74498D12285D1D000130C7 /* WeekSummaryViewController.xib */; };
		3E74499312285D3C000130C7 /* WeekDayPickerViewController.xib in Resources */ = {isa = PBXBuildFile; fileRef = 3E74499212285D3C000130C7 /* WeekDayPickerViewController.xib */; };
		3E74499C12285D6C000130C7 /* ReviewHoursViewController.xib in Resources */ = {isa = PBXBuildFile; fileRef = 3E74499B12285D6C000130C7 /* ReviewHoursViewController.xib */; };
		3E7449A112285DEC000130C7 /* TimePickerViewController.xib in Resources */ = {isa = PBXBuildFile; fileRef = 3E7449A012285DEC000130C7 /* TimePickerViewController.xib */; };
		3E7449A712285E3A000130C7 /* TimeEntryViewController.xib in Resources */ = {isa = PBXBuildFile; fileRef = 3E7449A612285E3A000130C7 /* TimeEntryViewController.xib */; };
		3E7D22891256457800C7110D /* EditJobViewController.xib in Resources */ = {isa = PBXBuildFile; fileRef = 3E7D22881256457800C7110D /* EditJobViewController.xib */; };
		3E923BD912B9358A005856F3 /* meal-en.html in Resources */ = {isa = PBXBuildFile; fileRef = 3E923BD812B9358A005856F3 /* meal-en.html */; };
		3E923BE512B9368E005856F3 /* meal-es.html in Resources */ = {isa = PBXBuildFile; fileRef = 3E923BE412B9368E005856F3 /* meal-es.html */; };
		3E94472612259C5F00FA7D7F /* ExportDatesViewController.m in Sources */ = {isa = PBXBuildFile; fileRef = 3E94472412259C5F00FA7D7F /* ExportDatesViewController.m */; };
		3EA76BC0127F0F15006F9E00 /* PayDisclaimerViewController.xib in Resources */ = {isa = PBXBuildFile; fileRef = 3EA76BBF127F0F15006F9E00 /* PayDisclaimerViewController.xib */; };
		3EB1164B1305AFCC007F5D27 /* whd-background-dol.png in Resources */ = {isa = PBXBuildFile; fileRef = 3EB1164A1305AFCC007F5D27 /* whd-background-dol.png */; };
		3ED3A61C121C9D4400F2C4F8 /* OtherBreaks.m in Sources */ = {isa = PBXBuildFile; fileRef = 3ED3A61B121C9D4400F2C4F8 /* OtherBreaks.m */; };
		3ED41C4611D2600100596C1F /* ShadowedTableView.m in Sources */ = {isa = PBXBuildFile; fileRef = 3ED41C4411D2600100596C1F /* ShadowedTableView.m */; };
		3ED41C9811D27DC500596C1F /* whd-background.png in Resources */ = {isa = PBXBuildFile; fileRef = 3ED41C9711D27DC500596C1F /* whd-background.png */; };
		3ED41CC111D282D100596C1F /* WHD_CMYK1.png in Resources */ = {isa = PBXBuildFile; fileRef = 3ED41CC011D282D100596C1F /* WHD_CMYK1.png */; };
		3ED41D5411D2A75500596C1F /* whd-icon-2.png in Resources */ = {isa = PBXBuildFile; fileRef = 3ED41D5311D2A75500596C1F /* whd-icon-2.png */; };
		3ED41EF512804F93003941E2 /* overtime.png in Resources */ = {isa = PBXBuildFile; fileRef = 3ED41EF412804F93003941E2 /* overtime.png */; };
		3EE04519127ED8BE0086B61B /* PayDisclaimerViewController.m in Sources */ = {isa = PBXBuildFile; fileRef = 3EE04517127ED8BE0086B61B /* PayDisclaimerViewController.m */; };
		3EE04535127EDF030086B61B /* pay-en.html in Resources */ = {isa = PBXBuildFile; fileRef = 3EE04534127EDF030086B61B /* pay-en.html */; };
		3EEB29E512269A5D00D2CA55 /* DateConversion.m in Sources */ = {isa = PBXBuildFile; fileRef = 3EEB29E412269A5D00D2CA55 /* DateConversion.m */; };
		3EF5FCF7121B7197002297E6 /* TimeEntry.m in Sources */ = {isa = PBXBuildFile; fileRef = 3EF5FCF6121B7197002297E6 /* TimeEntry.m */; };
		3EFD5F7E1224B5DA00167F0C /* AddressBook.framework in Frameworks */ = {isa = PBXBuildFile; fileRef = 3EFD5F7D1224B5DA00167F0C /* AddressBook.framework */; };
		3EFD5F971224B5EA00167F0C /* AddressBookUI.framework in Frameworks */ = {isa = PBXBuildFile; fileRef = 3EFD5F961224B5EA00167F0C /* AddressBookUI.framework */; };
		3EFE94CC127EEFEE001376A2 /* pay-es.html in Resources */ = {isa = PBXBuildFile; fileRef = 3EFE94CB127EEFEE001376A2 /* pay-es.html */; };
		3EFEB12A122B3B35000FCA8B /* ReviewDaysViewController.m in Sources */ = {isa = PBXBuildFile; fileRef = 3EFEB128122B3B35000FCA8B /* ReviewDaysViewController.m */; };
		3EFEB18E122B4AC3000FCA8B /* ReviewDaysViewController.xib in Resources */ = {isa = PBXBuildFile; fileRef = 3EFEB18D122B4AC3000FCA8B /* ReviewDaysViewController.xib */; };
		3EFEB1A4122B4C07000FCA8B /* TimeEntryReviewController.m in Sources */ = {isa = PBXBuildFile; fileRef = 3EFEB1A2122B4C07000FCA8B /* TimeEntryReviewController.m */; };
		3EFEB1D3122B4F3B000FCA8B /* BreaksReviewController.m in Sources */ = {isa = PBXBuildFile; fileRef = 3EFEB1D1122B4F3B000FCA8B /* BreaksReviewController.m */; };
		3EFEB1D9122B4F5B000FCA8B /* TimeEntryReviewController.xib in Resources */ = {isa = PBXBuildFile; fileRef = 3EFEB1D8122B4F5B000FCA8B /* TimeEntryReviewController.xib */; };
		5E069E4711BD119D006FB2FE /* ReviewHoursViewController.m in Sources */ = {isa = PBXBuildFile; fileRef = 5E069E4611BD119D006FB2FE /* ReviewHoursViewController.m */; };
		5E069EAA11BD291E006FB2FE /* EditJobViewController.m in Sources */ = {isa = PBXBuildFile; fileRef = 5E069EA811BD291E006FB2FE /* EditJobViewController.m */; };
		5E3E640D11D1484200CD4F66 /* JobViewController.m in Sources */ = {isa = PBXBuildFile; fileRef = 5E3E640B11D1484200CD4F66 /* JobViewController.m */; };
		5E46854C11CFD45200129148 /* ContactViewController.m in Sources */ = {isa = PBXBuildFile; fileRef = 5E46854A11CFD45200129148 /* ContactViewController.m */; };
		5E46863C11CFF93600129148 /* summary-icon.png in Resources */ = {isa = PBXBuildFile; fileRef = 5E46863B11CFF93600129148 /* summary-icon.png */; };
		5E689DF911B7D70C00B1CCEA /* TimePickerViewController.m in Sources */ = {isa = PBXBuildFile; fileRef = 5E689DF711B7D70C00B1CCEA /* TimePickerViewController.m */; };
		5E86392611F0C4AF00CFE7F6 /* stripe3.png in Resources */ = {isa = PBXBuildFile; fileRef = 5E86392511F0C4AF00CFE7F6 /* stripe3.png */; };
		5E8B882B12244E5F00D37184 /* MessageUI.framework in Frameworks */ = {isa = PBXBuildFile; fileRef = 5E8B882A12244E5F00D37184 /* MessageUI.framework */; };
		5E8FE12E1222C6F600E1A7D3 /* TimeSummary.m in Sources */ = {isa = PBXBuildFile; fileRef = 5E8FE12D1222C6F600E1A7D3 /* TimeSummary.m */; };
		5E8FE1371222C8CB00E1A7D3 /* TimeSummaryController.m in Sources */ = {isa = PBXBuildFile; fileRef = 5E8FE1361222C8CB00E1A7D3 /* TimeSummaryController.m */; };
		5E97020711B57A1A00F8F817 /* GradientView.m in Sources */ = {isa = PBXBuildFile; fileRef = 5E97020311B57A1A00F8F817 /* GradientView.m */; };
		5E97020811B57A1A00F8F817 /* ClearLabelsCellView.m in Sources */ = {isa = PBXBuildFile; fileRef = 5E97020511B57A1A00F8F817 /* ClearLabelsCellView.m */; };
		5EA9C12E12102C5600418B1C /* QuartzCore.framework in Frameworks */ = {isa = PBXBuildFile; fileRef = 5EA9C12D12102C5600418B1C /* QuartzCore.framework */; };
		5EA9C15112102CF800418B1C /* libsqlite3.0.dylib in Frameworks */ = {isa = PBXBuildFile; fileRef = 5EA9C15012102CF800418B1C /* libsqlite3.0.dylib */; };
		5EA9C15D12102E4400418B1C /* Employer.m in Sources */ = {isa = PBXBuildFile; fileRef = 5EA9C15C12102E4400418B1C /* Employer.m */; };
		5EA9C1C012106EC800418B1C /* EmployerController.m in Sources */ = {isa = PBXBuildFile; fileRef = 5EA9C1BF12106EC800418B1C /* EmployerController.m */; };
		5EA9F17111ABECEC0083ED27 /* ExportViewController.m in Sources */ = {isa = PBXBuildFile; fileRef = 5EA9F16F11ABECEC0083ED27 /* ExportViewController.m */; };
		5EAEBCE11201D2FB00C7A803 /* CommentsEntryViewController.m in Sources */ = {isa = PBXBuildFile; fileRef = 5EAEBCDF1201D2FB00C7A803 /* CommentsEntryViewController.m */; };
		5ED1ADD811C7F7AA007BC711 /* timesheet-icon.png in Resources */ = {isa = PBXBuildFile; fileRef = 5ED1ADD411C7F7AA007BC711 /* timesheet-icon.png */; };
		5ED1B3DF11F0822E00BA2F1E /* BreaksViewController.m in Sources */ = {isa = PBXBuildFile; fileRef = 5ED1B3DC11F0822E00BA2F1E /* BreaksViewController.m */; };
		5ED1B3E011F0822E00BA2F1E /* EditBreakViewController.m in Sources */ = {isa = PBXBuildFile; fileRef = 5ED1B3DE11F0822E00BA2F1E /* EditBreakViewController.m */; };
		5ED4FA7A11F0E8F800153EE1 /* MealDisclaimerViewController.m in Sources */ = {isa = PBXBuildFile; fileRef = 5ED4FA7811F0E8F800153EE1 /* MealDisclaimerViewController.m */; };
		5ED4FAB211F0F27A00153EE1 /* redButton.png in Resources */ = {isa = PBXBuildFile; fileRef = 5ED4FAB111F0F27A00153EE1 /* redButton.png */; };
		5ED7273611BECFBE0080BF56 /* WeekSummaryViewController.m in Sources */ = {isa = PBXBuildFile; fileRef = 5ED7273411BECFBE0080BF56 /* WeekSummaryViewController.m */; };
		5EE0133211BE8A4300E3EEC2 /* HelpViewController.m in Sources */ = {isa = PBXBuildFile; fileRef = 5EE0133011BE8A4300E3EEC2 /* HelpViewController.m */; };
		5EE0134C11BE8E7400E3EEC2 /* Icon-Small.png in Resources */ = {isa = PBXBuildFile; fileRef = 5EE0134B11BE8E7400E3EEC2 /* Icon-Small.png */; };
		5EE0137611BECD4F00E3EEC2 /* Icon.png in Resources */ = {isa = PBXBuildFile; fileRef = 5EE0137511BECD4F00E3EEC2 /* Icon.png */; };
		5EE484D311BFB81E0074107F /* WeekDayPickerViewController.m in Sources */ = {isa = PBXBuildFile; fileRef = 5EE484D111BFB81E0074107F /* WeekDayPickerViewController.m */; };
		5EE54D3A11B7C9AF0029338E /* TimeEntryViewController.m in Sources */ = {isa = PBXBuildFile; fileRef = 5EE54D3811B7C9AF0029338E /* TimeEntryViewController.m */; };
		5EF7EE89121967D2008CD856 /* CurrencyEntryViewController.m in Sources */ = {isa = PBXBuildFile; fileRef = 5EF7EE87121967D2008CD856 /* CurrencyEntryViewController.m */; };
/* End PBXBuildFile section */

/* Begin PBXFileReference section */
		1D30AB110D05D00D00671497 /* Foundation.framework */ = {isa = PBXFileReference; lastKnownFileType = wrapper.framework; name = Foundation.framework; path = System/Library/Frameworks/Foundation.framework; sourceTree = SDKROOT; };
		1D3623240D0F684500981E51 /* WHDAppDelegate.h */ = {isa = PBXFileReference; fileEncoding = 4; lastKnownFileType = sourcecode.c.h; path = WHDAppDelegate.h; sourceTree = "<group>"; };
		1D3623250D0F684500981E51 /* WHDAppDelegate.m */ = {isa = PBXFileReference; fileEncoding = 4; lastKnownFileType = sourcecode.c.objc; path = WHDAppDelegate.m; sourceTree = "<group>"; };
		1D6058910D05DD3D006BFB54 /* Timesheet.app */ = {isa = PBXFileReference; explicitFileType = wrapper.application; includeInIndex = 0; path = Timesheet.app; sourceTree = BUILT_PRODUCTS_DIR; };
		1DF5F4DF0D08C38300B7A737 /* UIKit.framework */ = {isa = PBXFileReference; lastKnownFileType = wrapper.framework; name = UIKit.framework; path = System/Library/Frameworks/UIKit.framework; sourceTree = SDKROOT; };
		288765FC0DF74451002DB57D /* CoreGraphics.framework */ = {isa = PBXFileReference; lastKnownFileType = wrapper.framework; name = CoreGraphics.framework; path = System/Library/Frameworks/CoreGraphics.framework; sourceTree = SDKROOT; };
		28AD733E0D9D9553002E5188 /* MainWindow.xib */ = {isa = PBXFileReference; lastKnownFileType = file.xib; path = MainWindow.xib; sourceTree = "<group>"; };
		29B97316FDCFA39411CA2CEA /* main.m */ = {isa = PBXFileReference; fileEncoding = 4; lastKnownFileType = sourcecode.c.objc; path = main.m; sourceTree = "<group>"; };
		32CA4F630368D1EE00C91783 /* WHD_Prefix.pch */ = {isa = PBXFileReference; fileEncoding = 4; lastKnownFileType = sourcecode.c.h; path = WHD_Prefix.pch; sourceTree = "<group>"; };
		3DAA1CB617A7F15000FD5035 /* Images.xcassets */ = {isa = PBXFileReference; lastKnownFileType = folder.assetcatalog; name = Images.xcassets; path = WHD/Images.xcassets; sourceTree = "<group>"; };
		3E07F943121EF32700A74657 /* UITableViewCellWithSubtitle.h */ = {isa = PBXFileReference; fileEncoding = 4; lastKnownFileType = sourcecode.c.h; path = UITableViewCellWithSubtitle.h; sourceTree = "<group>"; };
		3E07F944121EF32700A74657 /* UITableViewCellWithSubtitle.m */ = {isa = PBXFileReference; fileEncoding = 4; lastKnownFileType = sourcecode.c.objc; path = UITableViewCellWithSubtitle.m; sourceTree = "<group>"; };
		3E07F9B2121F0C9E00A74657 /* TimeEntryController.h */ = {isa = PBXFileReference; fileEncoding = 4; lastKnownFileType = sourcecode.c.h; path = TimeEntryController.h; sourceTree = "<group>"; };
		3E07F9B3121F0C9E00A74657 /* TimeEntryController.m */ = {isa = PBXFileReference; fileEncoding = 4; lastKnownFileType = sourcecode.c.objc; path = TimeEntryController.m; sourceTree = "<group>"; };
		3E0ED15F122C74CE00F13925 /* help-es.html */ = {isa = PBXFileReference; fileEncoding = 4; lastKnownFileType = text.html; path = "help-es.html"; sourceTree = "<group>"; };
		3E289F0E122A153200C1F8D0 /* help-en.html */ = {isa = PBXFileReference; fileEncoding = 4; lastKnownFileType = text.html; path = "help-en.html"; sourceTree = "<group>"; };
		3E289FE9122A26FB00C1F8D0 /* SystemConfiguration.framework */ = {isa = PBXFileReference; lastKnownFileType = wrapper.framework; name = SystemConfiguration.framework; path = System/Library/Frameworks/SystemConfiguration.framework; sourceTree = SDKROOT; };
		3E289FF3122A289000C1F8D0 /* Reachability.h */ = {isa = PBXFileReference; fileEncoding = 4; lastKnownFileType = sourcecode.c.h; path = Reachability.h; sourceTree = "<group>"; };
		3E289FF4122A289000C1F8D0 /* Reachability.m */ = {isa = PBXFileReference; fileEncoding = 4; lastKnownFileType = sourcecode.c.objc; path = Reachability.m; sourceTree = "<group>"; };
		3E28A097122A3D8700C1F8D0 /* contact-en.html */ = {isa = PBXFileReference; fileEncoding = 4; lastKnownFileType = text.html; path = "contact-en.html"; sourceTree = "<group>"; };
		3E28A099122A3D9100C1F8D0 /* RedVerticalGrad.jpg */ = {isa = PBXFileReference; lastKnownFileType = image.jpeg; path = RedVerticalGrad.jpg; sourceTree = "<group>"; };
		3E40CC20125CB33D00A9F9C8 /* Clock.h */ = {isa = PBXFileReference; fileEncoding = 4; lastKnownFileType = sourcecode.c.h; path = Clock.h; sourceTree = "<group>"; };
		3E40CC21125CB33D00A9F9C8 /* Clock.m */ = {isa = PBXFileReference; fileEncoding = 4; lastKnownFileType = sourcecode.c.objc; path = Clock.m; sourceTree = "<group>"; };
		3E40CE72125CF9E500A9F9C8 /* StartBreakViewController.h */ = {isa = PBXFileReference; fileEncoding = 4; lastKnownFileType = sourcecode.c.h; path = StartBreakViewController.h; sourceTree = "<group>"; };
		3E40CE73125CF9E500A9F9C8 /* StartBreakViewController.m */ = {isa = PBXFileReference; fileEncoding = 4; lastKnownFileType = sourcecode.c.objc; path = StartBreakViewController.m; sourceTree = "<group>"; };
		3E40CE74125CF9E500A9F9C8 /* English */ = {isa = PBXFileReference; lastKnownFileType = file.xib; name = English; path = Classes/English.lproj/StartBreakViewController.xib; sourceTree = "<group>"; };
		3E40CF1F125D0ACC00A9F9C8 /* es */ = {isa = PBXFileReference; lastKnownFileType = file.xib; name = es; path = Classes/es.lproj/StartBreakViewController.xib; sourceTree = "<group>"; };
		3E45D28C12E0E0C3009A7884 /* whd-dol-logo.png */ = {isa = PBXFileReference; lastKnownFileType = image.png; path = "whd-dol-logo.png"; sourceTree = "<group>"; };
		3E4C59BD121C1FA8007E75E7 /* TimerViewController.h */ = {isa = PBXFileReference; fileEncoding = 4; lastKnownFileType = sourcecode.c.h; path = TimerViewController.h; sourceTree = "<group>"; };
		3E4C59BE121C1FA8007E75E7 /* TimerViewController.m */ = {isa = PBXFileReference; fileEncoding = 4; lastKnownFileType = sourcecode.c.objc; path = TimerViewController.m; sourceTree = "<group>"; };
		3E4C59BF121C1FA8007E75E7 /* English */ = {isa = PBXFileReference; lastKnownFileType = file.xib; name = English; path = Classes/English.lproj/TimerViewController.xib; sourceTree = "<group>"; };
		3E5BCB60125BB8E70079B799 /* glossary-icon.png */ = {isa = PBXFileReference; lastKnownFileType = image.png; path = "glossary-icon.png"; sourceTree = "<group>"; };
		3E5F394A125A0E7A00755B93 /* es */ = {isa = PBXFileReference; lastKnownFileType = file.xib; name = es; path = es.lproj/EditBreakViewController.xib; sourceTree = "<group>"; };
		3E5F394D125A0E8600755B93 /* es */ = {isa = PBXFileReference; lastKnownFileType = file.xib; name = es; path = es.lproj/BreaksViewController.xib; sourceTree = "<group>"; };
		3E66A14212158A4A00066C94 /* whd.sqlite */ = {isa = PBXFileReference; lastKnownFileType = file; path = whd.sqlite; sourceTree = "<group>"; };
		3E69784C1212DA9C0068B86C /* DefaultTimeViewController.h */ = {isa = PBXFileReference; fileEncoding = 4; lastKnownFileType = sourcecode.c.h; path = DefaultTimeViewController.h; sourceTree = "<group>"; };
		3E69784D1212DA9C0068B86C /* DefaultTimeViewController.m */ = {isa = PBXFileReference; fileEncoding = 4; lastKnownFileType = sourcecode.c.objc; path = DefaultTimeViewController.m; sourceTree = "<group>"; };
		3E6978831212DE930068B86C /* English */ = {isa = PBXFileReference; lastKnownFileType = file.xib; name = English; path = English.lproj/DefaultTimeViewController.xib; sourceTree = "<group>"; };
		3E6A34901218E65F007B524C /* TextEntryViewController.h */ = {isa = PBXFileReference; fileEncoding = 4; lastKnownFileType = sourcecode.c.h; path = TextEntryViewController.h; sourceTree = "<group>"; };
		3E6A34911218E65F007B524C /* TextEntryViewController.m */ = {isa = PBXFileReference; fileEncoding = 4; lastKnownFileType = sourcecode.c.objc; path = TextEntryViewController.m; sourceTree = "<group>"; };
		3E6A34921218E65F007B524C /* English */ = {isa = PBXFileReference; lastKnownFileType = file.xib; name = English; path = Classes/English.lproj/TextEntryViewController.xib; sourceTree = "<group>"; };
		3E6C23BD122550E500A69B1A /* JobListViewController.h */ = {isa = PBXFileReference; fileEncoding = 4; lastKnownFileType = sourcecode.c.h; path = JobListViewController.h; sourceTree = "<group>"; };
		3E6C23BE122550E500A69B1A /* JobListViewController.m */ = {isa = PBXFileReference; fileEncoding = 4; lastKnownFileType = sourcecode.c.objc; path = JobListViewController.m; sourceTree = "<group>"; };
		3E6C23BF122550E500A69B1A /* English */ = {isa = PBXFileReference; lastKnownFileType = file.xib; name = English; path = Classes/English.lproj/JobListViewController.xib; sourceTree = "<group>"; };
		3E6CF67F130964FC007EAB88 /* whd-dol-logo-2.png */ = {isa = PBXFileReference; lastKnownFileType = image.png; path = "whd-dol-logo-2.png"; sourceTree = "<group>"; };
		3E6D240C122B59A600404E7B /* es */ = {isa = PBXFileReference; lastKnownFileType = file.xib; name = es; path = Classes/es.lproj/BreaksReviewController.xib; sourceTree = "<group>"; };
		3E6D246E122B607D00404E7B /* English */ = {isa = PBXFileReference; fileEncoding = 10; lastKnownFileType = text.plist.strings; name = English; path = English.lproj/Localizable.strings; sourceTree = "<group>"; };
		3E6D2472122B609B00404E7B /* es */ = {isa = PBXFileReference; lastKnownFileType = text.plist.strings; name = es; path = es.lproj/Localizable.strings; sourceTree = "<group>"; };
		3E73E0CF122C97C500A0F989 /* contact-es.html */ = {isa = PBXFileReference; fileEncoding = 4; lastKnownFileType = text.html; path = "contact-es.html"; sourceTree = "<group>"; };
		3E73E0F1122C9BE300A0F989 /* es */ = {isa = PBXFileReference; lastKnownFileType = file.xib; name = es; path = Classes/es.lproj/HelpViewController.xib; sourceTree = "<group>"; };
		3E73E0F4122C9BEE00A0F989 /* es */ = {isa = PBXFileReference; lastKnownFileType = file.xib; name = es; path = Classes/es.lproj/ContactViewController.xib; sourceTree = "<group>"; };
		3E73E15F122CAFA700A0F989 /* English */ = {isa = PBXFileReference; fileEncoding = 4; lastKnownFileType = text.plist.strings; name = English; path = English.lproj/InfoPlist.strings; sourceTree = "<group>"; };
		3E73E163122CAFB800A0F989 /* es */ = {isa = PBXFileReference; lastKnownFileType = text.plist.strings; name = es; path = es.lproj/InfoPlist.strings; sourceTree = "<group>"; };
		3E73E16A122CB43500A0F989 /* Default.png */ = {isa = PBXFileReference; lastKnownFileType = image.png; path = Default.png; sourceTree = "<group>"; };
		3E73E210122CCFA400A0F989 /* Entitlements.plist */ = {isa = PBXFileReference; fileEncoding = 4; lastKnownFileType = text.plist.xml; path = Entitlements.plist; sourceTree = "<group>"; };
		3E744921122849A8000130C7 /* email-icon.png */ = {isa = PBXFileReference; lastKnownFileType = image.png; path = "email-icon.png"; sourceTree = "<group>"; };
		3E74492D122856E0000130C7 /* es */ = {isa = PBXFileReference; lastKnownFileType = file.xib; name = es; path = es.lproj/JobViewController.xib; sourceTree = "<group>"; };
		3E7449321228574C000130C7 /* es */ = {isa = PBXFileReference; lastKnownFileType = file.xib; name = es; path = es.lproj/DefaultTimeViewController.xib; sourceTree = "<group>"; };
		3E74494A1228590D000130C7 /* es */ = {isa = PBXFileReference; lastKnownFileType = file.xib; name = es; path = Classes/es.lproj/ExportDatesViewController.xib; sourceTree = "<group>"; };
		3E744959122859FD000130C7 /* es */ = {isa = PBXFileReference; lastKnownFileType = file.xib; name = es; path = Classes/es.lproj/TimerViewController.xib; sourceTree = "<group>"; };
		3E74496712285B16000130C7 /* es */ = {isa = PBXFileReference; lastKnownFileType = file.xib; name = es; path = Classes/es.lproj/CurrencyEntryViewController.xib; sourceTree = "<group>"; };
		3E74496B12285B32000130C7 /* es */ = {isa = PBXFileReference; lastKnownFileType = file.xib; name = es; path = Classes/es.lproj/JobListViewController.xib; sourceTree = "<group>"; };
		3E74496F12285B4A000130C7 /* es */ = {isa = PBXFileReference; lastKnownFileType = file.xib; name = es; path = Classes/es.lproj/TextEntryViewController.xib; sourceTree = "<group>"; };
		3E74497312285B5E000130C7 /* es */ = {isa = PBXFileReference; lastKnownFileType = file.xib; name = es; path = Classes/es.lproj/CommentsEntryViewController.xib; sourceTree = "<group>"; };
		3E74497B12285C90000130C7 /* es */ = {isa = PBXFileReference; lastKnownFileType = file.xib; name = es; path = Classes/es.lproj/MealDisclaimerViewController.xib; sourceTree = "<group>"; };
		3E74498312285CDB000130C7 /* es */ = {isa = PBXFileReference; lastKnownFileType = file.xib; name = es; path = Classes/es.lproj/ExportViewController.xib; sourceTree = "<group>"; };
		3E74498F12285D24000130C7 /* es */ = {isa = PBXFileReference; lastKnownFileType = file.xib; name = es; path = Classes/es.lproj/WeekSummaryViewController.xib; sourceTree = "<group>"; };
		3E74499412285D42000130C7 /* es */ = {isa = PBXFileReference; lastKnownFileType = file.xib; name = es; path = Classes/es.lproj/WeekDayPickerViewController.xib; sourceTree = "<group>"; };
		3E74499D12285D71000130C7 /* es */ = {isa = PBXFileReference; lastKnownFileType = file.xib; name = es; path = es.lproj/ReviewHoursViewController.xib; sourceTree = "<group>"; };
		3E7449A212285DF1000130C7 /* es */ = {isa = PBXFileReference; lastKnownFileType = file.xib; name = es; path = Classes/es.lproj/TimePickerViewController.xib; sourceTree = "<group>"; };
		3E7449A812285E3F000130C7 /* es */ = {isa = PBXFileReference; lastKnownFileType = file.xib; name = es; path = Classes/es.lproj/TimeEntryViewController.xib; sourceTree = "<group>"; };
		3E7D228E125645C600C7110D /* es */ = {isa = PBXFileReference; lastKnownFileType = file.xib; name = es; path = Classes/es.lproj/EditJobViewController.xib; sourceTree = "<group>"; };
		3E923BD812B9358A005856F3 /* meal-en.html */ = {isa = PBXFileReference; fileEncoding = 4; lastKnownFileType = text.html; path = "meal-en.html"; sourceTree = "<group>"; };
		3E923BE412B9368E005856F3 /* meal-es.html */ = {isa = PBXFileReference; fileEncoding = 4; lastKnownFileType = text.html; path = "meal-es.html"; sourceTree = "<group>"; };
		3E94472312259C5F00FA7D7F /* ExportDatesViewController.h */ = {isa = PBXFileReference; fileEncoding = 4; lastKnownFileType = sourcecode.c.h; path = ExportDatesViewController.h; sourceTree = "<group>"; };
		3E94472412259C5F00FA7D7F /* ExportDatesViewController.m */ = {isa = PBXFileReference; fileEncoding = 4; lastKnownFileType = sourcecode.c.objc; path = ExportDatesViewController.m; sourceTree = "<group>"; };
		3E94472512259C5F00FA7D7F /* English */ = {isa = PBXFileReference; lastKnownFileType = file.xib; name = English; path = Classes/English.lproj/ExportDatesViewController.xib; sourceTree = "<group>"; };
		3E9E3DE011D25C1E008DFB8F /* English */ = {isa = PBXFileReference; lastKnownFileType = file.xib; name = English; path = English.lproj/JobViewController.xib; sourceTree = "<group>"; };
		3EA76BC1127F0F1F006F9E00 /* es */ = {isa = PBXFileReference; lastKnownFileType = file.xib; name = es; path = Classes/es.lproj/PayDisclaimerViewController.xib; sourceTree = "<group>"; };
		3EB1164A1305AFCC007F5D27 /* whd-background-dol.png */ = {isa = PBXFileReference; lastKnownFileType = image.png; path = "whd-background-dol.png"; sourceTree = "<group>"; };
		3ED3A61A121C9D4400F2C4F8 /* OtherBreaks.h */ = {isa = PBXFileReference; fileEncoding = 4; lastKnownFileType = sourcecode.c.h; path = OtherBreaks.h; sourceTree = "<group>"; };
		3ED3A61B121C9D4400F2C4F8 /* OtherBreaks.m */ = {isa = PBXFileReference; fileEncoding = 4; lastKnownFileType = sourcecode.c.objc; path = OtherBreaks.m; sourceTree = "<group>"; };
		3ED41C4411D2600100596C1F /* ShadowedTableView.m */ = {isa = PBXFileReference; fileEncoding = 4; lastKnownFileType = sourcecode.c.objc; path = ShadowedTableView.m; sourceTree = "<group>"; };
		3ED41C4511D2600100596C1F /* ShadowedTableView.h */ = {isa = PBXFileReference; fileEncoding = 4; lastKnownFileType = sourcecode.c.h; path = ShadowedTableView.h; sourceTree = "<group>"; };
		3ED41C9711D27DC500596C1F /* whd-background.png */ = {isa = PBXFileReference; lastKnownFileType = image.png; path = "whd-background.png"; sourceTree = "<group>"; };
		3ED41CC011D282D100596C1F /* WHD_CMYK1.png */ = {isa = PBXFileReference; lastKnownFileType = image.png; path = WHD_CMYK1.png; sourceTree = "<group>"; };
		3ED41D5311D2A75500596C1F /* whd-icon-2.png */ = {isa = PBXFileReference; lastKnownFileType = image.png; path = "whd-icon-2.png"; sourceTree = "<group>"; };
		3ED41EF412804F93003941E2 /* overtime.png */ = {isa = PBXFileReference; lastKnownFileType = image.png; path = overtime.png; sourceTree = "<group>"; };
		3EE04516127ED8BE0086B61B /* PayDisclaimerViewController.h */ = {isa = PBXFileReference; fileEncoding = 4; lastKnownFileType = sourcecode.c.h; path = PayDisclaimerViewController.h; sourceTree = "<group>"; };
		3EE04517127ED8BE0086B61B /* PayDisclaimerViewController.m */ = {isa = PBXFileReference; fileEncoding = 4; lastKnownFileType = sourcecode.c.objc; path = PayDisclaimerViewController.m; sourceTree = "<group>"; };
		3EE04518127ED8BE0086B61B /* English */ = {isa = PBXFileReference; lastKnownFileType = file.xib; name = English; path = Classes/English.lproj/PayDisclaimerViewController.xib; sourceTree = "<group>"; };
		3EE04534127EDF030086B61B /* pay-en.html */ = {isa = PBXFileReference; fileEncoding = 4; lastKnownFileType = text.html; path = "pay-en.html"; sourceTree = "<group>"; };
		3EEB29E312269A5D00D2CA55 /* DateConversion.h */ = {isa = PBXFileReference; fileEncoding = 4; lastKnownFileType = sourcecode.c.h; path = DateConversion.h; sourceTree = "<group>"; };
		3EEB29E412269A5D00D2CA55 /* DateConversion.m */ = {isa = PBXFileReference; fileEncoding = 4; lastKnownFileType = sourcecode.c.objc; path = DateConversion.m; sourceTree = "<group>"; };
		3EF5FCF5121B7197002297E6 /* TimeEntry.h */ = {isa = PBXFileReference; fileEncoding = 4; lastKnownFileType = sourcecode.c.h; path = TimeEntry.h; sourceTree = "<group>"; };
		3EF5FCF6121B7197002297E6 /* TimeEntry.m */ = {isa = PBXFileReference; fileEncoding = 4; lastKnownFileType = sourcecode.c.objc; path = TimeEntry.m; sourceTree = "<group>"; };
		3EFD5F7D1224B5DA00167F0C /* AddressBook.framework */ = {isa = PBXFileReference; lastKnownFileType = wrapper.framework; name = AddressBook.framework; path = System/Library/Frameworks/AddressBook.framework; sourceTree = SDKROOT; };
		3EFD5F961224B5EA00167F0C /* AddressBookUI.framework */ = {isa = PBXFileReference; lastKnownFileType = wrapper.framework; name = AddressBookUI.framework; path = System/Library/Frameworks/AddressBookUI.framework; sourceTree = SDKROOT; };
		3EFE94CB127EEFEE001376A2 /* pay-es.html */ = {isa = PBXFileReference; fileEncoding = 4; lastKnownFileType = text.html; path = "pay-es.html"; sourceTree = "<group>"; };
		3EFEB127122B3B35000FCA8B /* ReviewDaysViewController.h */ = {isa = PBXFileReference; fileEncoding = 4; lastKnownFileType = sourcecode.c.h; name = ReviewDaysViewController.h; path = ../ReviewDaysViewController.h; sourceTree = "<group>"; };
		3EFEB128122B3B35000FCA8B /* ReviewDaysViewController.m */ = {isa = PBXFileReference; fileEncoding = 4; lastKnownFileType = sourcecode.c.objc; name = ReviewDaysViewController.m; path = ../ReviewDaysViewController.m; sourceTree = "<group>"; };
		3EFEB129122B3B35000FCA8B /* English */ = {isa = PBXFileReference; lastKnownFileType = file.xib; name = English; path = English.lproj/ReviewDaysViewController.xib; sourceTree = "<group>"; };
		3EFEB18F122B4ACA000FCA8B /* es */ = {isa = PBXFileReference; lastKnownFileType = file.xib; name = es; path = es.lproj/ReviewDaysViewController.xib; sourceTree = "<group>"; };
		3EFEB1A1122B4C07000FCA8B /* TimeEntryReviewController.h */ = {isa = PBXFileReference; fileEncoding = 4; lastKnownFileType = sourcecode.c.h; path = TimeEntryReviewController.h; sourceTree = "<group>"; };
		3EFEB1A2122B4C07000FCA8B /* TimeEntryReviewController.m */ = {isa = PBXFileReference; fileEncoding = 4; lastKnownFileType = sourcecode.c.objc; path = TimeEntryReviewController.m; sourceTree = "<group>"; };
		3EFEB1A3122B4C07000FCA8B /* English */ = {isa = PBXFileReference; lastKnownFileType = file.xib; name = English; path = Classes/English.lproj/TimeEntryReviewController.xib; sourceTree = "<group>"; };
		3EFEB1D0122B4F3B000FCA8B /* BreaksReviewController.h */ = {isa = PBXFileReference; fileEncoding = 4; lastKnownFileType = sourcecode.c.h; path = BreaksReviewController.h; sourceTree = "<group>"; };
		3EFEB1D1122B4F3B000FCA8B /* BreaksReviewController.m */ = {isa = PBXFileReference; fileEncoding = 4; lastKnownFileType = sourcecode.c.objc; path = BreaksReviewController.m; sourceTree = "<group>"; };
		3EFEB1D2122B4F3B000FCA8B /* English */ = {isa = PBXFileReference; lastKnownFileType = file.xib; name = English; path = Classes/English.lproj/BreaksReviewController.xib; sourceTree = "<group>"; };
		3EFEB1DA122B4F5F000FCA8B /* es */ = {isa = PBXFileReference; lastKnownFileType = file.xib; name = es; path = Classes/es.lproj/TimeEntryReviewController.xib; sourceTree = "<group>"; };
		5E069E3311BD10E7006FB2FE /* English */ = {isa = PBXFileReference; lastKnownFileType = file.xib; name = English; path = English.lproj/ReviewHoursViewController.xib; sourceTree = "<group>"; };
		5E069E4611BD119D006FB2FE /* ReviewHoursViewController.m */ = {isa = PBXFileReference; fileEncoding = 4; lastKnownFileType = sourcecode.c.objc; path = ReviewHoursViewController.m; sourceTree = "<group>"; };
		5E069E4811BD11A5006FB2FE /* ReviewHoursViewController.h */ = {isa = PBXFileReference; fileEncoding = 4; lastKnownFileType = sourcecode.c.h; path = ReviewHoursViewController.h; sourceTree = "<group>"; };
		5E069EA711BD291E006FB2FE /* EditJobViewController.h */ = {isa = PBXFileReference; fileEncoding = 4; lastKnownFileType = sourcecode.c.h; path = EditJobViewController.h; sourceTree = "<group>"; };
		5E069EA811BD291E006FB2FE /* EditJobViewController.m */ = {isa = PBXFileReference; fileEncoding = 4; lastKnownFileType = sourcecode.c.objc; path = EditJobViewController.m; sourceTree = "<group>"; };
		5E069EA911BD291E006FB2FE /* English */ = {isa = PBXFileReference; lastKnownFileType = file.xib; name = English; path = Classes/English.lproj/EditJobViewController.xib; sourceTree = "<group>"; };
		5E3E640A11D1484200CD4F66 /* JobViewController.h */ = {isa = PBXFileReference; fileEncoding = 4; lastKnownFileType = sourcecode.c.h; path = JobViewController.h; sourceTree = "<group>"; };
		5E3E640B11D1484200CD4F66 /* JobViewController.m */ = {isa = PBXFileReference; fileEncoding = 4; lastKnownFileType = sourcecode.c.objc; path = JobViewController.m; sourceTree = "<group>"; };
		5E46854911CFD45200129148 /* ContactViewController.h */ = {isa = PBXFileReference; fileEncoding = 4; lastKnownFileType = sourcecode.c.h; path = ContactViewController.h; sourceTree = "<group>"; };
		5E46854A11CFD45200129148 /* ContactViewController.m */ = {isa = PBXFileReference; fileEncoding = 4; lastKnownFileType = sourcecode.c.objc; path = ContactViewController.m; sourceTree = "<group>"; };
		5E46854B11CFD45200129148 /* English */ = {isa = PBXFileReference; lastKnownFileType = file.xib; name = English; path = Classes/English.lproj/ContactViewController.xib; sourceTree = "<group>"; };
		5E46863B11CFF93600129148 /* summary-icon.png */ = {isa = PBXFileReference; lastKnownFileType = image.png; path = "summary-icon.png"; sourceTree = "<group>"; };
		5E689DF611B7D70C00B1CCEA /* TimePickerViewController.h */ = {isa = PBXFileReference; fileEncoding = 4; lastKnownFileType = sourcecode.c.h; path = TimePickerViewController.h; sourceTree = "<group>"; };
		5E689DF711B7D70C00B1CCEA /* TimePickerViewController.m */ = {isa = PBXFileReference; fileEncoding = 4; lastKnownFileType = sourcecode.c.objc; path = TimePickerViewController.m; sourceTree = "<group>"; };
		5E689DF811B7D70C00B1CCEA /* English */ = {isa = PBXFileReference; lastKnownFileType = file.xib; name = English; path = Classes/English.lproj/TimePickerViewController.xib; sourceTree = "<group>"; };
		5E86392511F0C4AF00CFE7F6 /* stripe3.png */ = {isa = PBXFileReference; lastKnownFileType = image.png; path = stripe3.png; sourceTree = "<group>"; };
		5E8B882A12244E5F00D37184 /* MessageUI.framework */ = {isa = PBXFileReference; lastKnownFileType = wrapper.framework; name = MessageUI.framework; path = System/Library/Frameworks/MessageUI.framework; sourceTree = SDKROOT; };
		5E8FE12C1222C6F600E1A7D3 /* TimeSummary.h */ = {isa = PBXFileReference; fileEncoding = 4; lastKnownFileType = sourcecode.c.h; path = TimeSummary.h; sourceTree = "<group>"; };
		5E8FE12D1222C6F600E1A7D3 /* TimeSummary.m */ = {isa = PBXFileReference; fileEncoding = 4; lastKnownFileType = sourcecode.c.objc; path = TimeSummary.m; sourceTree = "<group>"; };
		5E8FE1351222C8CB00E1A7D3 /* TimeSummaryController.h */ = {isa = PBXFileReference; fileEncoding = 4; lastKnownFileType = sourcecode.c.h; path = TimeSummaryController.h; sourceTree = "<group>"; };
		5E8FE1361222C8CB00E1A7D3 /* TimeSummaryController.m */ = {isa = PBXFileReference; fileEncoding = 4; lastKnownFileType = sourcecode.c.objc; path = TimeSummaryController.m; sourceTree = "<group>"; };
		5E97020211B57A1A00F8F817 /* GradientView.h */ = {isa = PBXFileReference; fileEncoding = 4; lastKnownFileType = sourcecode.c.h; path = GradientView.h; sourceTree = "<group>"; };
		5E97020311B57A1A00F8F817 /* GradientView.m */ = {isa = PBXFileReference; fileEncoding = 4; lastKnownFileType = sourcecode.c.objc; path = GradientView.m; sourceTree = "<group>"; };
		5E97020411B57A1A00F8F817 /* ClearLabelsCellView.h */ = {isa = PBXFileReference; fileEncoding = 4; lastKnownFileType = sourcecode.c.h; path = ClearLabelsCellView.h; sourceTree = "<group>"; };
		5E97020511B57A1A00F8F817 /* ClearLabelsCellView.m */ = {isa = PBXFileReference; fileEncoding = 4; lastKnownFileType = sourcecode.c.objc; path = ClearLabelsCellView.m; sourceTree = "<group>"; };
		5EA9C12D12102C5600418B1C /* QuartzCore.framework */ = {isa = PBXFileReference; lastKnownFileType = wrapper.framework; name = QuartzCore.framework; path = System/Library/Frameworks/QuartzCore.framework; sourceTree = SDKROOT; };
		5EA9C15012102CF800418B1C /* libsqlite3.0.dylib */ = {isa = PBXFileReference; lastKnownFileType = "compiled.mach-o.dylib"; name = libsqlite3.0.dylib; path = usr/lib/libsqlite3.0.dylib; sourceTree = SDKROOT; };
		5EA9C15B12102E4400418B1C /* Employer.h */ = {isa = PBXFileReference; fileEncoding = 4; lastKnownFileType = sourcecode.c.h; path = Employer.h; sourceTree = "<group>"; };
		5EA9C15C12102E4400418B1C /* Employer.m */ = {isa = PBXFileReference; fileEncoding = 4; lastKnownFileType = sourcecode.c.objc; path = Employer.m; sourceTree = "<group>"; };
		5EA9C187121033FD00418B1C /* WeekDays.h */ = {isa = PBXFileReference; fileEncoding = 4; lastKnownFileType = sourcecode.c.h; path = WeekDays.h; sourceTree = "<group>"; };
		5EA9C1BE12106EC800418B1C /* EmployerController.h */ = {isa = PBXFileReference; fileEncoding = 4; lastKnownFileType = sourcecode.c.h; path = EmployerController.h; sourceTree = "<group>"; };
		5EA9C1BF12106EC800418B1C /* EmployerController.m */ = {isa = PBXFileReference; fileEncoding = 4; lastKnownFileType = sourcecode.c.objc; path = EmployerController.m; sourceTree = "<group>"; };
		5EA9F16E11ABECEC0083ED27 /* ExportViewController.h */ = {isa = PBXFileReference; fileEncoding = 4; lastKnownFileType = sourcecode.c.h; path = ExportViewController.h; sourceTree = "<group>"; };
		5EA9F16F11ABECEC0083ED27 /* ExportViewController.m */ = {isa = PBXFileReference; fileEncoding = 4; lastKnownFileType = sourcecode.c.objc; path = ExportViewController.m; sourceTree = "<group>"; };
		5EA9F17011ABECEC0083ED27 /* English */ = {isa = PBXFileReference; lastKnownFileType = file.xib; name = English; path = Classes/English.lproj/ExportViewController.xib; sourceTree = "<group>"; };
		5EAEBCDE1201D2FB00C7A803 /* CommentsEntryViewController.h */ = {isa = PBXFileReference; fileEncoding = 4; lastKnownFileType = sourcecode.c.h; path = CommentsEntryViewController.h; sourceTree = "<group>"; };
		5EAEBCDF1201D2FB00C7A803 /* CommentsEntryViewController.m */ = {isa = PBXFileReference; fileEncoding = 4; lastKnownFileType = sourcecode.c.objc; path = CommentsEntryViewController.m; sourceTree = "<group>"; };
		5EAEBCE01201D2FB00C7A803 /* English */ = {isa = PBXFileReference; lastKnownFileType = file.xib; name = English; path = Classes/English.lproj/CommentsEntryViewController.xib; sourceTree = "<group>"; };
		5ED1ADD411C7F7AA007BC711 /* timesheet-icon.png */ = {isa = PBXFileReference; lastKnownFileType = image.png; path = "timesheet-icon.png"; sourceTree = "<group>"; };
		5ED1B3DB11F0822E00BA2F1E /* BreaksViewController.h */ = {isa = PBXFileReference; fileEncoding = 4; lastKnownFileType = sourcecode.c.h; path = BreaksViewController.h; sourceTree = "<group>"; };
		5ED1B3DC11F0822E00BA2F1E /* BreaksViewController.m */ = {isa = PBXFileReference; fileEncoding = 4; lastKnownFileType = sourcecode.c.objc; path = BreaksViewController.m; sourceTree = "<group>"; };
		5ED1B3DD11F0822E00BA2F1E /* EditBreakViewController.h */ = {isa = PBXFileReference; fileEncoding = 4; lastKnownFileType = sourcecode.c.h; path = EditBreakViewController.h; sourceTree = "<group>"; };
		5ED1B3DE11F0822E00BA2F1E /* EditBreakViewController.m */ = {isa = PBXFileReference; fileEncoding = 4; lastKnownFileType = sourcecode.c.objc; path = EditBreakViewController.m; sourceTree = "<group>"; };
		5ED1B3E111F0824400BA2F1E /* English */ = {isa = PBXFileReference; lastKnownFileType = file.xib; name = English; path = English.lproj/EditBreakViewController.xib; sourceTree = "<group>"; };
		5ED1B3E211F0824400BA2F1E /* English */ = {isa = PBXFileReference; lastKnownFileType = file.xib; name = English; path = English.lproj/BreaksViewController.xib; sourceTree = "<group>"; };
		5ED4FA7711F0E8F800153EE1 /* MealDisclaimerViewController.h */ = {isa = PBXFileReference; fileEncoding = 4; lastKnownFileType = sourcecode.c.h; path = MealDisclaimerViewController.h; sourceTree = "<group>"; };
		5ED4FA7811F0E8F800153EE1 /* MealDisclaimerViewController.m */ = {isa = PBXFileReference; fileEncoding = 4; lastKnownFileType = sourcecode.c.objc; path = MealDisclaimerViewController.m; sourceTree = "<group>"; };
		5ED4FA7911F0E8F800153EE1 /* English */ = {isa = PBXFileReference; lastKnownFileType = file.xib; name = English; path = Classes/English.lproj/MealDisclaimerViewController.xib; sourceTree = "<group>"; };
		5ED4FAB111F0F27A00153EE1 /* redButton.png */ = {isa = PBXFileReference; lastKnownFileType = image.png; path = redButton.png; sourceTree = "<group>"; };
		5ED7273311BECFBE0080BF56 /* WeekSummaryViewController.h */ = {isa = PBXFileReference; fileEncoding = 4; lastKnownFileType = sourcecode.c.h; path = WeekSummaryViewController.h; sourceTree = "<group>"; };
		5ED7273411BECFBE0080BF56 /* WeekSummaryViewController.m */ = {isa = PBXFileReference; fileEncoding = 4; lastKnownFileType = sourcecode.c.objc; path = WeekSummaryViewController.m; sourceTree = "<group>"; };
		5ED7273511BECFBE0080BF56 /* English */ = {isa = PBXFileReference; lastKnownFileType = file.xib; name = English; path = Classes/English.lproj/WeekSummaryViewController.xib; sourceTree = "<group>"; };
		5EE0132F11BE8A4300E3EEC2 /* HelpViewController.h */ = {isa = PBXFileReference; fileEncoding = 4; lastKnownFileType = sourcecode.c.h; path = HelpViewController.h; sourceTree = "<group>"; };
		5EE0133011BE8A4300E3EEC2 /* HelpViewController.m */ = {isa = PBXFileReference; fileEncoding = 4; lastKnownFileType = sourcecode.c.objc; path = HelpViewController.m; sourceTree = "<group>"; };
		5EE0133111BE8A4300E3EEC2 /* English */ = {isa = PBXFileReference; lastKnownFileType = file.xib; name = English; path = Classes/English.lproj/HelpViewController.xib; sourceTree = "<group>"; };
		5EE0134B11BE8E7400E3EEC2 /* Icon-Small.png */ = {isa = PBXFileReference; lastKnownFileType = image.png; path = "Icon-Small.png"; sourceTree = "<group>"; };
		5EE0137511BECD4F00E3EEC2 /* Icon.png */ = {isa = PBXFileReference; lastKnownFileType = image.png; path = Icon.png; sourceTree = "<group>"; };
		5EE484D011BFB81E0074107F /* WeekDayPickerViewController.h */ = {isa = PBXFileReference; fileEncoding = 4; lastKnownFileType = sourcecode.c.h; path = WeekDayPickerViewController.h; sourceTree = "<group>"; };
		5EE484D111BFB81E0074107F /* WeekDayPickerViewController.m */ = {isa = PBXFileReference; fileEncoding = 4; lastKnownFileType = sourcecode.c.objc; path = WeekDayPickerViewController.m; sourceTree = "<group>"; };
		5EE484D211BFB81E0074107F /* English */ = {isa = PBXFileReference; lastKnownFileType = file.xib; name = English; path = Classes/English.lproj/WeekDayPickerViewController.xib; sourceTree = "<group>"; };
		5EE54D3711B7C9AF0029338E /* TimeEntryViewController.h */ = {isa = PBXFileReference; fileEncoding = 4; lastKnownFileType = sourcecode.c.h; path = TimeEntryViewController.h; sourceTree = "<group>"; };
		5EE54D3811B7C9AF0029338E /* TimeEntryViewController.m */ = {isa = PBXFileReference; fileEncoding = 4; lastKnownFileType = sourcecode.c.objc; path = TimeEntryViewController.m; sourceTree = "<group>"; };
		5EE54D3911B7C9AF0029338E /* English */ = {isa = PBXFileReference; lastKnownFileType = file.xib; name = English; path = Classes/English.lproj/TimeEntryViewController.xib; sourceTree = "<group>"; };
		5EF7EE86121967D2008CD856 /* CurrencyEntryViewController.h */ = {isa = PBXFileReference; fileEncoding = 4; lastKnownFileType = sourcecode.c.h; path = CurrencyEntryViewController.h; sourceTree = "<group>"; };
		5EF7EE87121967D2008CD856 /* CurrencyEntryViewController.m */ = {isa = PBXFileReference; fileEncoding = 4; lastKnownFileType = sourcecode.c.objc; path = CurrencyEntryViewController.m; sourceTree = "<group>"; };
		5EF7EE88121967D2008CD856 /* English */ = {isa = PBXFileReference; lastKnownFileType = file.xib; name = English; path = Classes/English.lproj/CurrencyEntryViewController.xib; sourceTree = "<group>"; };
		8D1107310486CEB800E47090 /* WHD-Info.plist */ = {isa = PBXFileReference; fileEncoding = 4; lastKnownFileType = text.plist.xml; path = "WHD-Info.plist"; plistStructureDefinitionIdentifier = "com.apple.xcode.plist.structure-definition.iphone.info-plist"; sourceTree = "<group>"; };
/* End PBXFileReference section */

/* Begin PBXFrameworksBuildPhase section */
		1D60588F0D05DD3D006BFB54 /* Frameworks */ = {
			isa = PBXFrameworksBuildPhase;
			buildActionMask = 2147483647;
			files = (
				1D60589F0D05DD5A006BFB54 /* Foundation.framework in Frameworks */,
				1DF5F4E00D08C38300B7A737 /* UIKit.framework in Frameworks */,
				288765FD0DF74451002DB57D /* CoreGraphics.framework in Frameworks */,
				5EA9C12E12102C5600418B1C /* QuartzCore.framework in Frameworks */,
				5EA9C15112102CF800418B1C /* libsqlite3.0.dylib in Frameworks */,
				5E8B882B12244E5F00D37184 /* MessageUI.framework in Frameworks */,
				3EFD5F7E1224B5DA00167F0C /* AddressBook.framework in Frameworks */,
				3EFD5F971224B5EA00167F0C /* AddressBookUI.framework in Frameworks */,
				3E289FEA122A26FB00C1F8D0 /* SystemConfiguration.framework in Frameworks */,
			);
			runOnlyForDeploymentPostprocessing = 0;
		};
/* End PBXFrameworksBuildPhase section */

/* Begin PBXGroup section */
		080E96DDFE201D6D7F000001 /* Classes */ = {
			isa = PBXGroup;
			children = (
				5EA9C15A12102E1100418B1C /* DBObjects */,
				3EFEB127122B3B35000FCA8B /* ReviewDaysViewController.h */,
				3EFEB128122B3B35000FCA8B /* ReviewDaysViewController.m */,
				3ED41C4411D2600100596C1F /* ShadowedTableView.m */,
				3ED41C4511D2600100596C1F /* ShadowedTableView.h */,
				5E069E4811BD11A5006FB2FE /* ReviewHoursViewController.h */,
				5E069E4611BD119D006FB2FE /* ReviewHoursViewController.m */,
				5E97020211B57A1A00F8F817 /* GradientView.h */,
				5E97020311B57A1A00F8F817 /* GradientView.m */,
				5E97020411B57A1A00F8F817 /* ClearLabelsCellView.h */,
				5E97020511B57A1A00F8F817 /* ClearLabelsCellView.m */,
				1D3623240D0F684500981E51 /* WHDAppDelegate.h */,
				1D3623250D0F684500981E51 /* WHDAppDelegate.m */,
				5EE54D3711B7C9AF0029338E /* TimeEntryViewController.h */,
				5EE54D3811B7C9AF0029338E /* TimeEntryViewController.m */,
				5E689DF611B7D70C00B1CCEA /* TimePickerViewController.h */,
				5E689DF711B7D70C00B1CCEA /* TimePickerViewController.m */,
				3E4C59BD121C1FA8007E75E7 /* TimerViewController.h */,
				3E4C59BE121C1FA8007E75E7 /* TimerViewController.m */,
				5E069EA711BD291E006FB2FE /* EditJobViewController.h */,
				5E069EA811BD291E006FB2FE /* EditJobViewController.m */,
				5EE0132F11BE8A4300E3EEC2 /* HelpViewController.h */,
				5EE0133011BE8A4300E3EEC2 /* HelpViewController.m */,
				5ED7273311BECFBE0080BF56 /* WeekSummaryViewController.h */,
				5ED7273411BECFBE0080BF56 /* WeekSummaryViewController.m */,
				5EE484D011BFB81E0074107F /* WeekDayPickerViewController.h */,
				5EE484D111BFB81E0074107F /* WeekDayPickerViewController.m */,
				5E46854911CFD45200129148 /* ContactViewController.h */,
				5E46854A11CFD45200129148 /* ContactViewController.m */,
				5E3E640A11D1484200CD4F66 /* JobViewController.h */,
				5E3E640B11D1484200CD4F66 /* JobViewController.m */,
				5ED1B3DB11F0822E00BA2F1E /* BreaksViewController.h */,
				5ED1B3DC11F0822E00BA2F1E /* BreaksViewController.m */,
				5ED1B3DD11F0822E00BA2F1E /* EditBreakViewController.h */,
				5ED1B3DE11F0822E00BA2F1E /* EditBreakViewController.m */,
				5ED4FA7711F0E8F800153EE1 /* MealDisclaimerViewController.h */,
				5ED4FA7811F0E8F800153EE1 /* MealDisclaimerViewController.m */,
				5EAEBCDE1201D2FB00C7A803 /* CommentsEntryViewController.h */,
				5EAEBCDF1201D2FB00C7A803 /* CommentsEntryViewController.m */,
				5EA9C187121033FD00418B1C /* WeekDays.h */,
				3E69784C1212DA9C0068B86C /* DefaultTimeViewController.h */,
				3E69784D1212DA9C0068B86C /* DefaultTimeViewController.m */,
				3E6A34901218E65F007B524C /* TextEntryViewController.h */,
				3E6A34911218E65F007B524C /* TextEntryViewController.m */,
				5EF7EE86121967D2008CD856 /* CurrencyEntryViewController.h */,
				5EF7EE87121967D2008CD856 /* CurrencyEntryViewController.m */,
				3E07F943121EF32700A74657 /* UITableViewCellWithSubtitle.h */,
				3E07F944121EF32700A74657 /* UITableViewCellWithSubtitle.m */,
				5EA9F16E11ABECEC0083ED27 /* ExportViewController.h */,
				5EA9F16F11ABECEC0083ED27 /* ExportViewController.m */,
				3E6C23BD122550E500A69B1A /* JobListViewController.h */,
				3E6C23BE122550E500A69B1A /* JobListViewController.m */,
				3E94472312259C5F00FA7D7F /* ExportDatesViewController.h */,
				3E94472412259C5F00FA7D7F /* ExportDatesViewController.m */,
				3EEB29E312269A5D00D2CA55 /* DateConversion.h */,
				3EEB29E412269A5D00D2CA55 /* DateConversion.m */,
				3E289FF3122A289000C1F8D0 /* Reachability.h */,
				3E289FF4122A289000C1F8D0 /* Reachability.m */,
				3EFEB1A1122B4C07000FCA8B /* TimeEntryReviewController.h */,
				3EFEB1A2122B4C07000FCA8B /* TimeEntryReviewController.m */,
				3EFEB1D0122B4F3B000FCA8B /* BreaksReviewController.h */,
				3EFEB1D1122B4F3B000FCA8B /* BreaksReviewController.m */,
				3E40CE72125CF9E500A9F9C8 /* StartBreakViewController.h */,
				3E40CE73125CF9E500A9F9C8 /* StartBreakViewController.m */,
				3EE04516127ED8BE0086B61B /* PayDisclaimerViewController.h */,
				3EE04517127ED8BE0086B61B /* PayDisclaimerViewController.m */,
			);
			path = Classes;
			sourceTree = "<group>";
		};
		19C28FACFE9D520D11CA2CBB /* Products */ = {
			isa = PBXGroup;
			children = (
				1D6058910D05DD3D006BFB54 /* Timesheet.app */,
			);
			name = Products;
			sourceTree = "<group>";
		};
		29B97314FDCFA39411CA2CEA /* CustomTemplate */ = {
			isa = PBXGroup;
			children = (
				080E96DDFE201D6D7F000001 /* Classes */,
				29B97317FDCFA39411CA2CEA /* Resources */,
				5EA9C14512102C6700418B1C /* Images */,
				29B97315FDCFA39411CA2CEA /* Other Sources */,
				29B97323FDCFA39411CA2CEA /* Frameworks */,
				19C28FACFE9D520D11CA2CBB /* Products */,
				3E73E210122CCFA400A0F989 /* Entitlements.plist */,
			);
			name = CustomTemplate;
			sourceTree = "<group>";
		};
		29B97315FDCFA39411CA2CEA /* Other Sources */ = {
			isa = PBXGroup;
			children = (
				32CA4F630368D1EE00C91783 /* WHD_Prefix.pch */,
				29B97316FDCFA39411CA2CEA /* main.m */,
			);
			name = "Other Sources";
			sourceTree = "<group>";
		};
		29B97317FDCFA39411CA2CEA /* Resources */ = {
			isa = PBXGroup;
			children = (
				3DAA1CB617A7F15000FD5035 /* Images.xcassets */,
				3E6D2470122B609400404E7B /* Localizable.strings */,
				3EA76BBF127F0F15006F9E00 /* PayDisclaimerViewController.xib */,
				3E40CF1D125D0AC600A9F9C8 /* StartBreakViewController.xib */,
				3E6D240A122B59A000404E7B /* BreaksReviewController.xib */,
				3EFEB1D8122B4F5B000FCA8B /* TimeEntryReviewController.xib */,
				3EFEB18D122B4AC3000FCA8B /* ReviewDaysViewController.xib */,
				3E74494812285908000130C7 /* ExportDatesViewController.xib */,
				3E74496912285B2A000130C7 /* JobListViewController.xib */,
				3E744957122859ED000130C7 /* TimerViewController.xib */,
				3E74496512285B0F000130C7 /* CurrencyEntryViewController.xib */,
				3E74496D12285B44000130C7 /* TextEntryViewController.xib */,
				3E74493012285741000130C7 /* DefaultTimeViewController.xib */,
				3E74497112285B59000130C7 /* CommentsEntryViewController.xib */,
				3E74497912285C81000130C7 /* MealDisclaimerViewController.xib */,
				3E74498112285CD5000130C7 /* ExportViewController.xib */,
				3E5F3948125A0E7200755B93 /* EditBreakViewController.xib */,
				3E5F394B125A0E8100755B93 /* BreaksViewController.xib */,
				3E74492A1228567B000130C7 /* JobViewController.xib */,
				3E74498D12285D1D000130C7 /* WeekSummaryViewController.xib */,
				3E73E0F2122C9BE900A0F989 /* ContactViewController.xib */,
				3E74499212285D3C000130C7 /* WeekDayPickerViewController.xib */,
				3E73E0EF122C9BDE00A0F989 /* HelpViewController.xib */,
				3E7D22881256457800C7110D /* EditJobViewController.xib */,
				3E74499B12285D6C000130C7 /* ReviewHoursViewController.xib */,
				3E7449A012285DEC000130C7 /* TimePickerViewController.xib */,
				3E7449A612285E3A000130C7 /* TimeEntryViewController.xib */,
				28AD733E0D9D9553002E5188 /* MainWindow.xib */,
				3E66A14212158A4A00066C94 /* whd.sqlite */,
				8D1107310486CEB800E47090 /* WHD-Info.plist */,
				3E28A097122A3D8700C1F8D0 /* contact-en.html */,
				3E289F0E122A153200C1F8D0 /* help-en.html */,
				3E0ED15F122C74CE00F13925 /* help-es.html */,
				3E73E0CF122C97C500A0F989 /* contact-es.html */,
				3E73E161122CAFB100A0F989 /* InfoPlist.strings */,
				3EE04534127EDF030086B61B /* pay-en.html */,
				3EFE94CB127EEFEE001376A2 /* pay-es.html */,
				3E923BD812B9358A005856F3 /* meal-en.html */,
				3E923BE412B9368E005856F3 /* meal-es.html */,
			);
			name = Resources;
			sourceTree = "<group>";
		};
		29B97323FDCFA39411CA2CEA /* Frameworks */ = {
			isa = PBXGroup;
			children = (
				3E289FE9122A26FB00C1F8D0 /* SystemConfiguration.framework */,
				3EFD5F961224B5EA00167F0C /* AddressBookUI.framework */,
				5EA9C12D12102C5600418B1C /* QuartzCore.framework */,
				1DF5F4DF0D08C38300B7A737 /* UIKit.framework */,
				1D30AB110D05D00D00671497 /* Foundation.framework */,
				288765FC0DF74451002DB57D /* CoreGraphics.framework */,
				5EA9C15012102CF800418B1C /* libsqlite3.0.dylib */,
				5E8B882A12244E5F00D37184 /* MessageUI.framework */,
				3EFD5F7D1224B5DA00167F0C /* AddressBook.framework */,
			);
			name = Frameworks;
			sourceTree = "<group>";
		};
		5EA9C14512102C6700418B1C /* Images */ = {
			isa = PBXGroup;
			children = (
				3E6CF67F130964FC007EAB88 /* whd-dol-logo-2.png */,
				3EB1164A1305AFCC007F5D27 /* whd-background-dol.png */,
				3E45D28C12E0E0C3009A7884 /* whd-dol-logo.png */,
				3E28A099122A3D9100C1F8D0 /* RedVerticalGrad.jpg */,
				3ED41EF412804F93003941E2 /* overtime.png */,
				3E5BCB60125BB8E70079B799 /* glossary-icon.png */,
				3E73E16A122CB43500A0F989 /* Default.png */,
				5ED4FAB111F0F27A00153EE1 /* redButton.png */,
				5E86392511F0C4AF00CFE7F6 /* stripe3.png */,
				3E744921122849A8000130C7 /* email-icon.png */,
				3ED41D5311D2A75500596C1F /* whd-icon-2.png */,
				3ED41CC011D282D100596C1F /* WHD_CMYK1.png */,
				3ED41C9711D27DC500596C1F /* whd-background.png */,
				5E46863B11CFF93600129148 /* summary-icon.png */,
				5ED1ADD411C7F7AA007BC711 /* timesheet-icon.png */,
				5EE0137511BECD4F00E3EEC2 /* Icon.png */,
				5EE0134B11BE8E7400E3EEC2 /* Icon-Small.png */,
			);
			name = Images;
			sourceTree = "<group>";
		};
		5EA9C15A12102E1100418B1C /* DBObjects */ = {
			isa = PBXGroup;
			children = (
				5EA9C15B12102E4400418B1C /* Employer.h */,
				5EA9C15C12102E4400418B1C /* Employer.m */,
				5EA9C1BE12106EC800418B1C /* EmployerController.h */,
				5EA9C1BF12106EC800418B1C /* EmployerController.m */,
				3EF5FCF5121B7197002297E6 /* TimeEntry.h */,
				3EF5FCF6121B7197002297E6 /* TimeEntry.m */,
				3ED3A61A121C9D4400F2C4F8 /* OtherBreaks.h */,
				3ED3A61B121C9D4400F2C4F8 /* OtherBreaks.m */,
				3E07F9B2121F0C9E00A74657 /* TimeEntryController.h */,
				3E07F9B3121F0C9E00A74657 /* TimeEntryController.m */,
				5E8FE12C1222C6F600E1A7D3 /* TimeSummary.h */,
				5E8FE12D1222C6F600E1A7D3 /* TimeSummary.m */,
				5E8FE1351222C8CB00E1A7D3 /* TimeSummaryController.h */,
				5E8FE1361222C8CB00E1A7D3 /* TimeSummaryController.m */,
				3E40CC20125CB33D00A9F9C8 /* Clock.h */,
				3E40CC21125CB33D00A9F9C8 /* Clock.m */,
			);
			name = DBObjects;
			path = ..;
			sourceTree = "<group>";
		};
/* End PBXGroup section */

/* Begin PBXNativeTarget section */
		1D6058900D05DD3D006BFB54 /* WHD */ = {
			isa = PBXNativeTarget;
			buildConfigurationList = 1D6058960D05DD3E006BFB54 /* Build configuration list for PBXNativeTarget "WHD" */;
			buildPhases = (
				1D60588D0D05DD3D006BFB54 /* Resources */,
				1D60588E0D05DD3D006BFB54 /* Sources */,
				1D60588F0D05DD3D006BFB54 /* Frameworks */,
			);
			buildRules = (
			);
			dependencies = (
			);
			name = WHD;
			productName = WHD;
			productReference = 1D6058910D05DD3D006BFB54 /* Timesheet.app */;
			productType = "com.apple.product-type.application";
		};
/* End PBXNativeTarget section */

/* Begin PBXProject section */
		29B97313FDCFA39411CA2CEA /* Project object */ = {
			isa = PBXProject;
			attributes = {
				ORGANIZATIONNAME = "Cascades Technologies";
				TargetAttributes = {
					1D6058900D05DD3D006BFB54 = {
						DevelopmentTeam = FRPCGFXS7Q;
					};
				};
			};
			buildConfigurationList = C01FCF4E08A954540054247B /* Build configuration list for PBXProject "WHD" */;
			compatibilityVersion = "Xcode 3.1";
			developmentRegion = English;
			hasScannedForEncodings = 1;
			knownRegions = (
				English,
				Japanese,
				French,
				German,
				es,
			);
			mainGroup = 29B97314FDCFA39411CA2CEA /* CustomTemplate */;
			projectDirPath = "";
			projectRoot = "";
			targets = (
				1D6058900D05DD3D006BFB54 /* WHD */,
			);
		};
/* End PBXProject section */

/* Begin PBXResourcesBuildPhase section */
		1D60588D0D05DD3D006BFB54 /* Resources */ = {
			isa = PBXResourcesBuildPhase;
			buildActionMask = 2147483647;
			files = (
				28AD733F0D9D9553002E5188 /* MainWindow.xib in Resources */,
				3E74498212285CD5000130C7 /* ExportViewController.xib in Resources */,
				3E7449A712285E3A000130C7 /* TimeEntryViewController.xib in Resources */,
				3E7449A112285DEC000130C7 /* TimePickerViewController.xib in Resources */,
				3E74499C12285D6C000130C7 /* ReviewHoursViewController.xib in Resources */,
				3E7D22891256457800C7110D /* EditJobViewController.xib in Resources */,
				3E73E0F0122C9BDE00A0F989 /* HelpViewController.xib in Resources */,
				5EE0134C11BE8E7400E3EEC2 /* Icon-Small.png in Resources */,
				5EE0137611BECD4F00E3EEC2 /* Icon.png in Resources */,
				3E74498E12285D1D000130C7 /* WeekSummaryViewController.xib in Resources */,
				3E74499312285D3C000130C7 /* WeekDayPickerViewController.xib in Resources */,
				5ED1ADD811C7F7AA007BC711 /* timesheet-icon.png in Resources */,
				3E73E0F3122C9BE900A0F989 /* ContactViewController.xib in Resources */,
				5E46863C11CFF93600129148 /* summary-icon.png in Resources */,
				3E74492B1228567B000130C7 /* JobViewController.xib in Resources */,
				3ED41C9811D27DC500596C1F /* whd-background.png in Resources */,
				3ED41CC111D282D100596C1F /* WHD_CMYK1.png in Resources */,
				3ED41D5411D2A75500596C1F /* whd-icon-2.png in Resources */,
				3E5F3949125A0E7200755B93 /* EditBreakViewController.xib in Resources */,
				3E5F394C125A0E8100755B93 /* BreaksViewController.xib in Resources */,
				5E86392611F0C4AF00CFE7F6 /* stripe3.png in Resources */,
				3E74497A12285C81000130C7 /* MealDisclaimerViewController.xib in Resources */,
				5ED4FAB211F0F27A00153EE1 /* redButton.png in Resources */,
				3E74497212285B59000130C7 /* CommentsEntryViewController.xib in Resources */,
				3E74493112285741000130C7 /* DefaultTimeViewController.xib in Resources */,
				3E66A14312158A4A00066C94 /* whd.sqlite in Resources */,
				3DAA1CB717A7F15000FD5035 /* Images.xcassets in Resources */,
				3E74496E12285B44000130C7 /* TextEntryViewController.xib in Resources */,
				3E74496612285B0F000130C7 /* CurrencyEntryViewController.xib in Resources */,
				3E744958122859ED000130C7 /* TimerViewController.xib in Resources */,
				3E74496A12285B2A000130C7 /* JobListViewController.xib in Resources */,
				3E74494912285908000130C7 /* ExportDatesViewController.xib in Resources */,
				3E744922122849A8000130C7 /* email-icon.png in Resources */,
				3E289F0F122A153200C1F8D0 /* help-en.html in Resources */,
				3E28A098122A3D8700C1F8D0 /* contact-en.html in Resources */,
				3E28A09A122A3D9100C1F8D0 /* RedVerticalGrad.jpg in Resources */,
				3EFEB18E122B4AC3000FCA8B /* ReviewDaysViewController.xib in Resources */,
				3EFEB1D9122B4F5B000FCA8B /* TimeEntryReviewController.xib in Resources */,
				3E6D240B122B59A000404E7B /* BreaksReviewController.xib in Resources */,
				3E6D2471122B609400404E7B /* Localizable.strings in Resources */,
				3E0ED160122C74CE00F13925 /* help-es.html in Resources */,
				3E73E0D0122C97C500A0F989 /* contact-es.html in Resources */,
				3E73E162122CAFB100A0F989 /* InfoPlist.strings in Resources */,
				3E73E16B122CB43500A0F989 /* Default.png in Resources */,
				3E5BCB61125BB8E70079B799 /* glossary-icon.png in Resources */,
				3E40CF1E125D0AC600A9F9C8 /* StartBreakViewController.xib in Resources */,
				3EA76BC0127F0F15006F9E00 /* PayDisclaimerViewController.xib in Resources */,
				3EE04535127EDF030086B61B /* pay-en.html in Resources */,
				3EFE94CC127EEFEE001376A2 /* pay-es.html in Resources */,
				3ED41EF512804F93003941E2 /* overtime.png in Resources */,
				3E923BD912B9358A005856F3 /* meal-en.html in Resources */,
				3E923BE512B9368E005856F3 /* meal-es.html in Resources */,
				3E45D28D12E0E0C3009A7884 /* whd-dol-logo.png in Resources */,
				3EB1164B1305AFCC007F5D27 /* whd-background-dol.png in Resources */,
				3E6CF680130964FC007EAB88 /* whd-dol-logo-2.png in Resources */,
			);
			runOnlyForDeploymentPostprocessing = 0;
		};
/* End PBXResourcesBuildPhase section */

/* Begin PBXSourcesBuildPhase section */
		1D60588E0D05DD3D006BFB54 /* Sources */ = {
			isa = PBXSourcesBuildPhase;
			buildActionMask = 2147483647;
			files = (
				1D60589B0D05DD56006BFB54 /* main.m in Sources */,
				1D3623260D0F684500981E51 /* WHDAppDelegate.m in Sources */,
				5EA9F17111ABECEC0083ED27 /* ExportViewController.m in Sources */,
				5E97020711B57A1A00F8F817 /* GradientView.m in Sources */,
				5E97020811B57A1A00F8F817 /* ClearLabelsCellView.m in Sources */,
				5EE54D3A11B7C9AF0029338E /* TimeEntryViewController.m in Sources */,
				5E689DF911B7D70C00B1CCEA /* TimePickerViewController.m in Sources */,
				5E069E4711BD119D006FB2FE /* ReviewHoursViewController.m in Sources */,
				5E069EAA11BD291E006FB2FE /* EditJobViewController.m in Sources */,
				5EE0133211BE8A4300E3EEC2 /* HelpViewController.m in Sources */,
				5ED7273611BECFBE0080BF56 /* WeekSummaryViewController.m in Sources */,
				5EE484D311BFB81E0074107F /* WeekDayPickerViewController.m in Sources */,
				5E46854C11CFD45200129148 /* ContactViewController.m in Sources */,
				5E3E640D11D1484200CD4F66 /* JobViewController.m in Sources */,
				3ED41C4611D2600100596C1F /* ShadowedTableView.m in Sources */,
				5ED1B3DF11F0822E00BA2F1E /* BreaksViewController.m in Sources */,
				5ED1B3E011F0822E00BA2F1E /* EditBreakViewController.m in Sources */,
				5ED4FA7A11F0E8F800153EE1 /* MealDisclaimerViewController.m in Sources */,
				5EAEBCE11201D2FB00C7A803 /* CommentsEntryViewController.m in Sources */,
				5EA9C15D12102E4400418B1C /* Employer.m in Sources */,
				5EA9C1C012106EC800418B1C /* EmployerController.m in Sources */,
				3E69784F1212DA9C0068B86C /* DefaultTimeViewController.m in Sources */,
				3E6A34931218E65F007B524C /* TextEntryViewController.m in Sources */,
				5EF7EE89121967D2008CD856 /* CurrencyEntryViewController.m in Sources */,
				3EF5FCF7121B7197002297E6 /* TimeEntry.m in Sources */,
				3E4C59C0121C1FA8007E75E7 /* TimerViewController.m in Sources */,
				3ED3A61C121C9D4400F2C4F8 /* OtherBreaks.m in Sources */,
				3E07F945121EF32700A74657 /* UITableViewCellWithSubtitle.m in Sources */,
				3E07F9B4121F0C9E00A74657 /* TimeEntryController.m in Sources */,
				5E8FE12E1222C6F600E1A7D3 /* TimeSummary.m in Sources */,
				5E8FE1371222C8CB00E1A7D3 /* TimeSummaryController.m in Sources */,
				3E6C23C0122550E500A69B1A /* JobListViewController.m in Sources */,
				3E94472612259C5F00FA7D7F /* ExportDatesViewController.m in Sources */,
				3EEB29E512269A5D00D2CA55 /* DateConversion.m in Sources */,
				3E289FF5122A289000C1F8D0 /* Reachability.m in Sources */,
				3EFEB12A122B3B35000FCA8B /* ReviewDaysViewController.m in Sources */,
				3EFEB1A4122B4C07000FCA8B /* TimeEntryReviewController.m in Sources */,
				3EFEB1D3122B4F3B000FCA8B /* BreaksReviewController.m in Sources */,
				3E40CC22125CB33D00A9F9C8 /* Clock.m in Sources */,
				3E40CE75125CF9E500A9F9C8 /* StartBreakViewController.m in Sources */,
				3EE04519127ED8BE0086B61B /* PayDisclaimerViewController.m in Sources */,
			);
			runOnlyForDeploymentPostprocessing = 0;
		};
/* End PBXSourcesBuildPhase section */

/* Begin PBXVariantGroup section */
		3E40CF1D125D0AC600A9F9C8 /* StartBreakViewController.xib */ = {
			isa = PBXVariantGroup;
			children = (
				3E40CE74125CF9E500A9F9C8 /* English */,
				3E40CF1F125D0ACC00A9F9C8 /* es */,
			);
			name = StartBreakViewController.xib;
			sourceTree = "<group>";
		};
		3E5F3948125A0E7200755B93 /* EditBreakViewController.xib */ = {
			isa = PBXVariantGroup;
			children = (
				5ED1B3E111F0824400BA2F1E /* English */,
				3E5F394A125A0E7A00755B93 /* es */,
			);
			name = EditBreakViewController.xib;
			sourceTree = "<group>";
		};
		3E5F394B125A0E8100755B93 /* BreaksViewController.xib */ = {
			isa = PBXVariantGroup;
			children = (
				5ED1B3E211F0824400BA2F1E /* English */,
				3E5F394D125A0E8600755B93 /* es */,
			);
			name = BreaksViewController.xib;
			sourceTree = "<group>";
		};
		3E6D240A122B59A000404E7B /* BreaksReviewController.xib */ = {
			isa = PBXVariantGroup;
			children = (
				3EFEB1D2122B4F3B000FCA8B /* English */,
				3E6D240C122B59A600404E7B /* es */,
			);
			name = BreaksReviewController.xib;
			sourceTree = "<group>";
		};
		3E6D2470122B609400404E7B /* Localizable.strings */ = {
			isa = PBXVariantGroup;
			children = (
				3E6D246E122B607D00404E7B /* English */,
				3E6D2472122B609B00404E7B /* es */,
			);
			name = Localizable.strings;
			sourceTree = "<group>";
		};
		3E73E0EF122C9BDE00A0F989 /* HelpViewController.xib */ = {
			isa = PBXVariantGroup;
			children = (
				5EE0133111BE8A4300E3EEC2 /* English */,
				3E73E0F1122C9BE300A0F989 /* es */,
			);
			name = HelpViewController.xib;
			sourceTree = "<group>";
		};
		3E73E0F2122C9BE900A0F989 /* ContactViewController.xib */ = {
			isa = PBXVariantGroup;
			children = (
				5E46854B11CFD45200129148 /* English */,
				3E73E0F4122C9BEE00A0F989 /* es */,
			);
			name = ContactViewController.xib;
			sourceTree = "<group>";
		};
		3E73E161122CAFB100A0F989 /* InfoPlist.strings */ = {
			isa = PBXVariantGroup;
			children = (
				3E73E15F122CAFA700A0F989 /* English */,
				3E73E163122CAFB800A0F989 /* es */,
			);
			name = InfoPlist.strings;
			sourceTree = "<group>";
		};
		3E74492A1228567B000130C7 /* JobViewController.xib */ = {
			isa = PBXVariantGroup;
			children = (
				3E9E3DE011D25C1E008DFB8F /* English */,
				3E74492D122856E0000130C7 /* es */,
			);
			name = JobViewController.xib;
			sourceTree = "<group>";
		};
		3E74493012285741000130C7 /* DefaultTimeViewController.xib */ = {
			isa = PBXVariantGroup;
			children = (
				3E6978831212DE930068B86C /* English */,
				3E7449321228574C000130C7 /* es */,
			);
			name = DefaultTimeViewController.xib;
			sourceTree = "<group>";
		};
		3E74494812285908000130C7 /* ExportDatesViewController.xib */ = {
			isa = PBXVariantGroup;
			children = (
				3E94472512259C5F00FA7D7F /* English */,
				3E74494A1228590D000130C7 /* es */,
			);
			name = ExportDatesViewController.xib;
			sourceTree = "<group>";
		};
		3E744957122859ED000130C7 /* TimerViewController.xib */ = {
			isa = PBXVariantGroup;
			children = (
				3E4C59BF121C1FA8007E75E7 /* English */,
				3E744959122859FD000130C7 /* es */,
			);
			name = TimerViewController.xib;
			sourceTree = "<group>";
		};
		3E74496512285B0F000130C7 /* CurrencyEntryViewController.xib */ = {
			isa = PBXVariantGroup;
			children = (
				5EF7EE88121967D2008CD856 /* English */,
				3E74496712285B16000130C7 /* es */,
			);
			name = CurrencyEntryViewController.xib;
			sourceTree = "<group>";
		};
		3E74496912285B2A000130C7 /* JobListViewController.xib */ = {
			isa = PBXVariantGroup;
			children = (
				3E6C23BF122550E500A69B1A /* English */,
				3E74496B12285B32000130C7 /* es */,
			);
			name = JobListViewController.xib;
			sourceTree = "<group>";
		};
		3E74496D12285B44000130C7 /* TextEntryViewController.xib */ = {
			isa = PBXVariantGroup;
			children = (
				3E6A34921218E65F007B524C /* English */,
				3E74496F12285B4A000130C7 /* es */,
			);
			name = TextEntryViewController.xib;
			sourceTree = "<group>";
		};
		3E74497112285B59000130C7 /* CommentsEntryViewController.xib */ = {
			isa = PBXVariantGroup;
			children = (
				5EAEBCE01201D2FB00C7A803 /* English */,
				3E74497312285B5E000130C7 /* es */,
			);
			name = CommentsEntryViewController.xib;
			sourceTree = "<group>";
		};
		3E74497912285C81000130C7 /* MealDisclaimerViewController.xib */ = {
			isa = PBXVariantGroup;
			children = (
				5ED4FA7911F0E8F800153EE1 /* English */,
				3E74497B12285C90000130C7 /* es */,
			);
			name = MealDisclaimerViewController.xib;
			sourceTree = "<group>";
		};
		3E74498112285CD5000130C7 /* ExportViewController.xib */ = {
			isa = PBXVariantGroup;
			children = (
				5EA9F17011ABECEC0083ED27 /* English */,
				3E74498312285CDB000130C7 /* es */,
			);
			name = ExportViewController.xib;
			sourceTree = "<group>";
		};
		3E74498D12285D1D000130C7 /* WeekSummaryViewController.xib */ = {
			isa = PBXVariantGroup;
			children = (
				5ED7273511BECFBE0080BF56 /* English */,
				3E74498F12285D24000130C7 /* es */,
			);
			name = WeekSummaryViewController.xib;
			sourceTree = "<group>";
		};
		3E74499212285D3C000130C7 /* WeekDayPickerViewController.xib */ = {
			isa = PBXVariantGroup;
			children = (
				5EE484D211BFB81E0074107F /* English */,
				3E74499412285D42000130C7 /* es */,
			);
			name = WeekDayPickerViewController.xib;
			sourceTree = "<group>";
		};
		3E74499B12285D6C000130C7 /* ReviewHoursViewController.xib */ = {
			isa = PBXVariantGroup;
			children = (
				5E069E3311BD10E7006FB2FE /* English */,
				3E74499D12285D71000130C7 /* es */,
			);
			name = ReviewHoursViewController.xib;
			sourceTree = "<group>";
		};
		3E7449A012285DEC000130C7 /* TimePickerViewController.xib */ = {
			isa = PBXVariantGroup;
			children = (
				5E689DF811B7D70C00B1CCEA /* English */,
				3E7449A212285DF1000130C7 /* es */,
			);
			name = TimePickerViewController.xib;
			sourceTree = "<group>";
		};
		3E7449A612285E3A000130C7 /* TimeEntryViewController.xib */ = {
			isa = PBXVariantGroup;
			children = (
				5EE54D3911B7C9AF0029338E /* English */,
				3E7449A812285E3F000130C7 /* es */,
			);
			name = TimeEntryViewController.xib;
			sourceTree = "<group>";
		};
		3E7D22881256457800C7110D /* EditJobViewController.xib */ = {
			isa = PBXVariantGroup;
			children = (
				5E069EA911BD291E006FB2FE /* English */,
				3E7D228E125645C600C7110D /* es */,
			);
			name = EditJobViewController.xib;
			sourceTree = "<group>";
		};
		3EA76BBF127F0F15006F9E00 /* PayDisclaimerViewController.xib */ = {
			isa = PBXVariantGroup;
			children = (
				3EE04518127ED8BE0086B61B /* English */,
				3EA76BC1127F0F1F006F9E00 /* es */,
			);
			name = PayDisclaimerViewController.xib;
			sourceTree = "<group>";
		};
		3EFEB18D122B4AC3000FCA8B /* ReviewDaysViewController.xib */ = {
			isa = PBXVariantGroup;
			children = (
				3EFEB129122B3B35000FCA8B /* English */,
				3EFEB18F122B4ACA000FCA8B /* es */,
			);
			name = ReviewDaysViewController.xib;
			sourceTree = "<group>";
		};
		3EFEB1D8122B4F5B000FCA8B /* TimeEntryReviewController.xib */ = {
			isa = PBXVariantGroup;
			children = (
				3EFEB1A3122B4C07000FCA8B /* English */,
				3EFEB1DA122B4F5F000FCA8B /* es */,
			);
			name = TimeEntryReviewController.xib;
			sourceTree = "<group>";
		};
/* End PBXVariantGroup section */

/* Begin XCBuildConfiguration section */
		1D6058940D05DD3E006BFB54 /* Debug */ = {
			isa = XCBuildConfiguration;
			buildSettings = {
				ALWAYS_SEARCH_USER_PATHS = NO;
				ASSETCATALOG_COMPILER_APPICON_NAME = AppIcon;
				ASSETCATALOG_COMPILER_LAUNCHIMAGE_NAME = LaunchImage;
				CODE_SIGN_IDENTITY = "iPhone Developer";
				"CODE_SIGN_IDENTITY[sdk=iphoneos*]" = "iPhone Developer";
				COPY_PHASE_STRIP = NO;
				GCC_DYNAMIC_NO_PIC = NO;
				GCC_OPTIMIZATION_LEVEL = 0;
				GCC_PRECOMPILE_PREFIX_HEADER = YES;
				GCC_PREFIX_HEADER = WHD_Prefix.pch;
				INFOPLIST_FILE = "WHD-Info.plist";
				IPHONEOS_DEPLOYMENT_TARGET = 7.0;
				PRODUCT_NAME = Timesheet;
				PROVISIONING_PROFILE = "";
				SDKROOT = iphoneos4.2;
				TARGETED_DEVICE_FAMILY = 1;
			};
			name = Debug;
		};
		1D6058950D05DD3E006BFB54 /* Release */ = {
			isa = XCBuildConfiguration;
			buildSettings = {
				ALWAYS_SEARCH_USER_PATHS = NO;
				ASSETCATALOG_COMPILER_APPICON_NAME = AppIcon;
				ASSETCATALOG_COMPILER_LAUNCHIMAGE_NAME = LaunchImage;
				CODE_SIGN_ENTITLEMENTS = Entitlements.plist;
				CODE_SIGN_IDENTITY = "iPhone Developer";
				"CODE_SIGN_IDENTITY[sdk=iphoneos*]" = "iPhone Developer";
				COPY_PHASE_STRIP = YES;
				GCC_PRECOMPILE_PREFIX_HEADER = YES;
				GCC_PREFIX_HEADER = WHD_Prefix.pch;
				INFOPLIST_FILE = "WHD-Info.plist";
				IPHONEOS_DEPLOYMENT_TARGET = 7.0;
				PRODUCT_NAME = Timesheet;
				PROVISIONING_PROFILE = "";
				SDKROOT = iphoneos4.2;
				VALIDATE_PRODUCT = YES;
			};
			name = Release;
		};
		3E73E1FC122CCD8700A0F989 /* Distribution */ = {
			isa = XCBuildConfiguration;
			buildSettings = {
				ARCHS = "$(ARCHS_STANDARD_32_BIT)";
				"CODE_SIGN_IDENTITY[sdk=iphoneos*]" = "iPhone Developer";
				GCC_C_LANGUAGE_STANDARD = c99;
				GCC_WARN_ABOUT_RETURN_TYPE = YES;
				GCC_WARN_UNUSED_VARIABLE = YES;
				OTHER_CFLAGS = "-DNS_BLOCK_ASSERTIONS=1";
				PREBINDING = NO;
				SDKROOT = iphoneos;
			};
			name = Distribution;
		};
		3E73E1FD122CCD8700A0F989 /* Distribution */ = {
			isa = XCBuildConfiguration;
			buildSettings = {
				ALWAYS_SEARCH_USER_PATHS = NO;
				ASSETCATALOG_COMPILER_APPICON_NAME = AppIcon;
				ASSETCATALOG_COMPILER_LAUNCHIMAGE_NAME = LaunchImage;
				CODE_SIGN_ENTITLEMENTS = Entitlements.plist;
				CODE_SIGN_IDENTITY = "iPhone Developer";
				"CODE_SIGN_IDENTITY[sdk=iphoneos*]" = "iPhone Developer";
				COPY_PHASE_STRIP = YES;
				GCC_PRECOMPILE_PREFIX_HEADER = YES;
				GCC_PREFIX_HEADER = WHD_Prefix.pch;
				INFOPLIST_FILE = "WHD-Info.plist";
				IPHONEOS_DEPLOYMENT_TARGET = 7.0;
				PRODUCT_NAME = Timesheet;
				PROVISIONING_PROFILE = "";
				"PROVISIONING_PROFILE[sdk=iphoneos*]" = "C45C0E06-04D9-4ED3-A742-01DC87D3804C";
				SDKROOT = iphoneos4.2;
				VALIDATE_PRODUCT = YES;
			};
			name = Distribution;
		};
		C01FCF4F08A954540054247B /* Debug */ = {
			isa = XCBuildConfiguration;
			buildSettings = {
				ARCHS = "$(ARCHS_STANDARD_32_BIT)";
				"CODE_SIGN_IDENTITY[sdk=iphoneos*]" = "iPhone Developer";
				GCC_C_LANGUAGE_STANDARD = c99;
				GCC_WARN_ABOUT_RETURN_TYPE = YES;
				GCC_WARN_UNUSED_VARIABLE = YES;
				IPHONEOS_DEPLOYMENT_TARGET = 3.0;
				PREBINDING = NO;
				"PROVISIONING_PROFILE[sdk=iphoneos*]" = "";
				SDKROOT = iphoneos;
			};
			name = Debug;
		};
		C01FCF5008A954540054247B /* Release */ = {
			isa = XCBuildConfiguration;
			buildSettings = {
				ARCHS = "$(ARCHS_STANDARD_32_BIT)";
				CODE_SIGN_IDENTITY = "iPhone Distribution: U.S. Department of Labor (FRPCGFXS7Q)";
				"CODE_SIGN_IDENTITY[sdk=iphoneos*]" = "iPhone Developer";
				GCC_C_LANGUAGE_STANDARD = c99;
				GCC_WARN_ABOUT_RETURN_TYPE = YES;
				GCC_WARN_UNUSED_VARIABLE = YES;
				OTHER_CFLAGS = "-DNS_BLOCK_ASSERTIONS=1";
				PREBINDING = NO;
				SDKROOT = iphoneos;
			};
			name = Release;
		};
/* End XCBuildConfiguration section */

/* Begin XCConfigurationList section */
		1D6058960D05DD3E006BFB54 /* Build configuration list for PBXNativeTarget "WHD" */ = {
			isa = XCConfigurationList;
			buildConfigurations = (
				1D6058940D05DD3E006BFB54 /* Debug */,
				1D6058950D05DD3E006BFB54 /* Release */,
				3E73E1FD122CCD8700A0F989 /* Distribution */,
			);
			defaultConfigurationIsVisible = 0;
			defaultConfigurationName = Release;
		};
		C01FCF4E08A954540054247B /* Build configuration list for PBXProject "WHD" */ = {
			isa = XCConfigurationList;
			buildConfigurations = (
				C01FCF4F08A954540054247B /* Debug */,
				C01FCF5008A954540054247B /* Release */,
				3E73E1FC122CCD8700A0F989 /* Distribution */,
			);
			defaultConfigurationIsVisible = 0;
			defaultConfigurationName = Release;
		};
/* End XCConfigurationList section */
	};
	rootObject = 29B97313FDCFA39411CA2CEA /* Project object */;
}
